// !$*UTF8*$!
{
	archiveVersion = 1;
	classes = {
	};
	objectVersion = 46;
	objects = {

/* Begin PBXBuildFile section */
		2D72DE8B9DFFE628C7928D91 /* Pods_InMobiAdsDemo.framework in Frameworks */ = {isa = PBXBuildFile; fileRef = AE18C82BD5C7112AC70C272D /* Pods_InMobiAdsDemo.framework */; };
		40B17B583D40E2101661C6A7 /* Pods_InMobiAdsDemoUITests.framework in Frameworks */ = {isa = PBXBuildFile; fileRef = AF47993CD81A8BE32E74E699 /* Pods_InMobiAdsDemoUITests.framework */; };
		BE33B89A1F83B116009C585B /* IMSplashViewController.m in Sources */ = {isa = PBXBuildFile; fileRef = BE33B8981F83B116009C585B /* IMSplashViewController.m */; };
		BE33B89B1F83B116009C585B /* IMSplashViewController.xib in Resources */ = {isa = PBXBuildFile; fileRef = BE33B8991F83B116009C585B /* IMSplashViewController.xib */; };
		BE33B89F1F83B7DF009C585B /* IMPreRollViewController.m in Sources */ = {isa = PBXBuildFile; fileRef = BE33B89D1F83B7DF009C585B /* IMPreRollViewController.m */; };
		BE33B8A01F83B7DF009C585B /* IMPreRollViewController.xib in Resources */ = {isa = PBXBuildFile; fileRef = BE33B89E1F83B7DF009C585B /* IMPreRollViewController.xib */; };
		BE9611911F839F0000377EE2 /* WebKit.framework in Frameworks */ = {isa = PBXBuildFile; fileRef = BE9611901F839F0000377EE2 /* WebKit.framework */; };
		BE9611931F839F0B00377EE2 /* libz.tbd in Frameworks */ = {isa = PBXBuildFile; fileRef = BE9611921F839F0A00377EE2 /* libz.tbd */; };
		BE9611951F839F1700377EE2 /* libsqlite3.0.tbd in Frameworks */ = {isa = PBXBuildFile; fileRef = BE9611941F839F1700377EE2 /* libsqlite3.0.tbd */; };
		C7D4D6741F7E5BD00074CE88 /* main.m in Sources */ = {isa = PBXBuildFile; fileRef = C7D4D6731F7E5BD00074CE88 /* main.m */; };
		C7D4D6771F7E5BD00074CE88 /* AppDelegate.m in Sources */ = {isa = PBXBuildFile; fileRef = C7D4D6761F7E5BD00074CE88 /* AppDelegate.m */; };
		C7D4D6821F7E5BD00074CE88 /* LaunchScreen.storyboard in Resources */ = {isa = PBXBuildFile; fileRef = C7D4D6801F7E5BD00074CE88 /* LaunchScreen.storyboard */; };
		C7D4D68D1F7E5BD00074CE88 /* InMobiAdsDemoTests.m in Sources */ = {isa = PBXBuildFile; fileRef = C7D4D68C1F7E5BD00074CE88 /* InMobiAdsDemoTests.m */; };
		C7D4D6981F7E5BD00074CE88 /* InMobiAdsDemoUITests.m in Sources */ = {isa = PBXBuildFile; fileRef = C7D4D6971F7E5BD00074CE88 /* InMobiAdsDemoUITests.m */; };
		C7D4D6AC1F7E5D510074CE88 /* IMSimpleTableCell.m in Sources */ = {isa = PBXBuildFile; fileRef = C7D4D6AB1F7E5D510074CE88 /* IMSimpleTableCell.m */; };
		C7D4D6B31F7E5D5E0074CE88 /* IMClassicAdViewController.m in Sources */ = {isa = PBXBuildFile; fileRef = C7D4D6AE1F7E5D5E0074CE88 /* IMClassicAdViewController.m */; };
		C7D4D6B41F7E5D5E0074CE88 /* IMClassicAdViewController_IB.m in Sources */ = {isa = PBXBuildFile; fileRef = C7D4D6B01F7E5D5E0074CE88 /* IMClassicAdViewController_IB.m */; };
		C7D4D6B51F7E5D5E0074CE88 /* IMNativeViewController.m in Sources */ = {isa = PBXBuildFile; fileRef = C7D4D6B21F7E5D5E0074CE88 /* IMNativeViewController.m */; };
		C7D4D6B81F7E5D690074CE88 /* IMMainTableViewController.m in Sources */ = {isa = PBXBuildFile; fileRef = C7D4D6B71F7E5D690074CE88 /* IMMainTableViewController.m */; };
		C7D4D6BB1F7E5D820074CE88 /* Main.storyboard in Resources */ = {isa = PBXBuildFile; fileRef = C7D4D6B91F7E5D820074CE88 /* Main.storyboard */; };
		C7D4D6BC1F7E5D820074CE88 /* SimpleTableCell.xib in Resources */ = {isa = PBXBuildFile; fileRef = C7D4D6BA1F7E5D820074CE88 /* SimpleTableCell.xib */; };
		C7D4D6BE1F7E5F150074CE88 /* AdOptions.plist in Resources */ = {isa = PBXBuildFile; fileRef = C7D4D6BD1F7E5F150074CE88 /* AdOptions.plist */; };
		C7D4D6C01F7E5F520074CE88 /* Images.xcassets in Resources */ = {isa = PBXBuildFile; fileRef = C7D4D6BF1F7E5F520074CE88 /* Images.xcassets */; };
		E0C28631EA83C49910DC3216 /* Pods_InMobiAdsDemoTests.framework in Frameworks */ = {isa = PBXBuildFile; fileRef = A16020E8B7C7A76537C32698 /* Pods_InMobiAdsDemoTests.framework */; };
/* End PBXBuildFile section */

/* Begin PBXContainerItemProxy section */
		C7D4D6891F7E5BD00074CE88 /* PBXContainerItemProxy */ = {
			isa = PBXContainerItemProxy;
			containerPortal = C7D4D6671F7E5BD00074CE88 /* Project object */;
			proxyType = 1;
			remoteGlobalIDString = C7D4D66E1F7E5BD00074CE88;
			remoteInfo = InMobiAdsDemo;
		};
		C7D4D6941F7E5BD00074CE88 /* PBXContainerItemProxy */ = {
			isa = PBXContainerItemProxy;
			containerPortal = C7D4D6671F7E5BD00074CE88 /* Project object */;
			proxyType = 1;
			remoteGlobalIDString = C7D4D66E1F7E5BD00074CE88;
			remoteInfo = InMobiAdsDemo;
		};
/* End PBXContainerItemProxy section */

/* Begin PBXFileReference section */
		6BC1D810A3FC687ECB67E6C2 /* Pods-InMobiAdsDemoTests.release.xcconfig */ = {isa = PBXFileReference; includeInIndex = 1; lastKnownFileType = text.xcconfig; name = "Pods-InMobiAdsDemoTests.release.xcconfig"; path = "Pods/Target Support Files/Pods-InMobiAdsDemoTests/Pods-InMobiAdsDemoTests.release.xcconfig"; sourceTree = "<group>"; };
		7BF8A10206902E640E08C1DD /* Pods_InMobiAdsDemoSwift.framework */ = {isa = PBXFileReference; explicitFileType = wrapper.framework; includeInIndex = 0; path = Pods_InMobiAdsDemoSwift.framework; sourceTree = BUILT_PRODUCTS_DIR; };
		9759CD4AE25BA25928001870 /* Pods-InMobiAdsDemo.debug.xcconfig */ = {isa = PBXFileReference; includeInIndex = 1; lastKnownFileType = text.xcconfig; name = "Pods-InMobiAdsDemo.debug.xcconfig"; path = "Pods/Target Support Files/Pods-InMobiAdsDemo/Pods-InMobiAdsDemo.debug.xcconfig"; sourceTree = "<group>"; };
		9B846CBAA5B96E2DCB2B8F27 /* Pods-InMobiAdsDemoSwift.debug.xcconfig */ = {isa = PBXFileReference; includeInIndex = 1; lastKnownFileType = text.xcconfig; name = "Pods-InMobiAdsDemoSwift.debug.xcconfig"; path = "Pods/Target Support Files/Pods-InMobiAdsDemoSwift/Pods-InMobiAdsDemoSwift.debug.xcconfig"; sourceTree = "<group>"; };
		A16020E8B7C7A76537C32698 /* Pods_InMobiAdsDemoTests.framework */ = {isa = PBXFileReference; explicitFileType = wrapper.framework; includeInIndex = 0; path = Pods_InMobiAdsDemoTests.framework; sourceTree = BUILT_PRODUCTS_DIR; };
		A657B931EF3785DE21E09A92 /* Pods-InMobiAdsDemoTests.debug.xcconfig */ = {isa = PBXFileReference; includeInIndex = 1; lastKnownFileType = text.xcconfig; name = "Pods-InMobiAdsDemoTests.debug.xcconfig"; path = "Pods/Target Support Files/Pods-InMobiAdsDemoTests/Pods-InMobiAdsDemoTests.debug.xcconfig"; sourceTree = "<group>"; };
		ABBA77D41857AEFAE6D3C879 /* Pods-InMobiAdsDemoUITests.debug.xcconfig */ = {isa = PBXFileReference; includeInIndex = 1; lastKnownFileType = text.xcconfig; name = "Pods-InMobiAdsDemoUITests.debug.xcconfig"; path = "Pods/Target Support Files/Pods-InMobiAdsDemoUITests/Pods-InMobiAdsDemoUITests.debug.xcconfig"; sourceTree = "<group>"; };
		AE18C82BD5C7112AC70C272D /* Pods_InMobiAdsDemo.framework */ = {isa = PBXFileReference; explicitFileType = wrapper.framework; includeInIndex = 0; path = Pods_InMobiAdsDemo.framework; sourceTree = BUILT_PRODUCTS_DIR; };
		AF47993CD81A8BE32E74E699 /* Pods_InMobiAdsDemoUITests.framework */ = {isa = PBXFileReference; explicitFileType = wrapper.framework; includeInIndex = 0; path = Pods_InMobiAdsDemoUITests.framework; sourceTree = BUILT_PRODUCTS_DIR; };
		BE33B8971F83B116009C585B /* IMSplashViewController.h */ = {isa = PBXFileReference; lastKnownFileType = sourcecode.c.h; path = IMSplashViewController.h; sourceTree = "<group>"; };
		BE33B8981F83B116009C585B /* IMSplashViewController.m */ = {isa = PBXFileReference; lastKnownFileType = sourcecode.c.objc; path = IMSplashViewController.m; sourceTree = "<group>"; };
		BE33B8991F83B116009C585B /* IMSplashViewController.xib */ = {isa = PBXFileReference; lastKnownFileType = file.xib; path = IMSplashViewController.xib; sourceTree = "<group>"; };
		BE33B89C1F83B7DF009C585B /* IMPreRollViewController.h */ = {isa = PBXFileReference; lastKnownFileType = sourcecode.c.h; path = IMPreRollViewController.h; sourceTree = "<group>"; };
		BE33B89D1F83B7DF009C585B /* IMPreRollViewController.m */ = {isa = PBXFileReference; lastKnownFileType = sourcecode.c.objc; path = IMPreRollViewController.m; sourceTree = "<group>"; };
		BE33B89E1F83B7DF009C585B /* IMPreRollViewController.xib */ = {isa = PBXFileReference; lastKnownFileType = file.xib; path = IMPreRollViewController.xib; sourceTree = "<group>"; };
		BE9611901F839F0000377EE2 /* WebKit.framework */ = {isa = PBXFileReference; lastKnownFileType = wrapper.framework; name = WebKit.framework; path = System/Library/Frameworks/WebKit.framework; sourceTree = SDKROOT; };
		BE9611921F839F0A00377EE2 /* libz.tbd */ = {isa = PBXFileReference; lastKnownFileType = "sourcecode.text-based-dylib-definition"; name = libz.tbd; path = usr/lib/libz.tbd; sourceTree = SDKROOT; };
		BE9611941F839F1700377EE2 /* libsqlite3.0.tbd */ = {isa = PBXFileReference; lastKnownFileType = "sourcecode.text-based-dylib-definition"; name = libsqlite3.0.tbd; path = usr/lib/libsqlite3.0.tbd; sourceTree = SDKROOT; };
		C52DE922ABFDA1F3626C7925 /* Pods-InMobiAdsDemoSwift.release.xcconfig */ = {isa = PBXFileReference; includeInIndex = 1; lastKnownFileType = text.xcconfig; name = "Pods-InMobiAdsDemoSwift.release.xcconfig"; path = "Pods/Target Support Files/Pods-InMobiAdsDemoSwift/Pods-InMobiAdsDemoSwift.release.xcconfig"; sourceTree = "<group>"; };
		C7D4D66F1F7E5BD00074CE88 /* InMobiAdsDemo.app */ = {isa = PBXFileReference; explicitFileType = wrapper.application; includeInIndex = 0; path = InMobiAdsDemo.app; sourceTree = BUILT_PRODUCTS_DIR; };
		C7D4D6731F7E5BD00074CE88 /* main.m */ = {isa = PBXFileReference; lastKnownFileType = sourcecode.c.objc; path = main.m; sourceTree = "<group>"; };
		C7D4D6751F7E5BD00074CE88 /* AppDelegate.h */ = {isa = PBXFileReference; lastKnownFileType = sourcecode.c.h; path = AppDelegate.h; sourceTree = "<group>"; };
		C7D4D6761F7E5BD00074CE88 /* AppDelegate.m */ = {isa = PBXFileReference; lastKnownFileType = sourcecode.c.objc; path = AppDelegate.m; sourceTree = "<group>"; };
		C7D4D6811F7E5BD00074CE88 /* Base */ = {isa = PBXFileReference; lastKnownFileType = file.storyboard; name = Base; path = Base.lproj/LaunchScreen.storyboard; sourceTree = "<group>"; };
		C7D4D6831F7E5BD00074CE88 /* Info.plist */ = {isa = PBXFileReference; lastKnownFileType = text.plist.xml; path = Info.plist; sourceTree = "<group>"; };
		C7D4D6881F7E5BD00074CE88 /* InMobiAdsDemoTests.xctest */ = {isa = PBXFileReference; explicitFileType = wrapper.cfbundle; includeInIndex = 0; path = InMobiAdsDemoTests.xctest; sourceTree = BUILT_PRODUCTS_DIR; };
		C7D4D68C1F7E5BD00074CE88 /* InMobiAdsDemoTests.m */ = {isa = PBXFileReference; lastKnownFileType = sourcecode.c.objc; path = InMobiAdsDemoTests.m; sourceTree = "<group>"; };
		C7D4D68E1F7E5BD00074CE88 /* Info.plist */ = {isa = PBXFileReference; lastKnownFileType = text.plist.xml; path = Info.plist; sourceTree = "<group>"; };
		C7D4D6931F7E5BD00074CE88 /* InMobiAdsDemoUITests.xctest */ = {isa = PBXFileReference; explicitFileType = wrapper.cfbundle; includeInIndex = 0; path = InMobiAdsDemoUITests.xctest; sourceTree = BUILT_PRODUCTS_DIR; };
		C7D4D6971F7E5BD00074CE88 /* InMobiAdsDemoUITests.m */ = {isa = PBXFileReference; lastKnownFileType = sourcecode.c.objc; path = InMobiAdsDemoUITests.m; sourceTree = "<group>"; };
		C7D4D6991F7E5BD00074CE88 /* Info.plist */ = {isa = PBXFileReference; lastKnownFileType = text.plist.xml; path = Info.plist; sourceTree = "<group>"; };
		C7D4D6A81F7E5D390074CE88 /* IMAppIds.h */ = {isa = PBXFileReference; fileEncoding = 4; lastKnownFileType = sourcecode.c.h; path = IMAppIds.h; sourceTree = "<group>"; };
		C7D4D6A91F7E5D390074CE88 /* AppConstants.h */ = {isa = PBXFileReference; fileEncoding = 4; lastKnownFileType = sourcecode.c.h; path = AppConstants.h; sourceTree = "<group>"; };
		C7D4D6AA1F7E5D510074CE88 /* IMSimpleTableCell.h */ = {isa = PBXFileReference; fileEncoding = 4; lastKnownFileType = sourcecode.c.h; path = IMSimpleTableCell.h; sourceTree = "<group>"; };
		C7D4D6AB1F7E5D510074CE88 /* IMSimpleTableCell.m */ = {isa = PBXFileReference; fileEncoding = 4; lastKnownFileType = sourcecode.c.objc; path = IMSimpleTableCell.m; sourceTree = "<group>"; };
		C7D4D6AD1F7E5D5E0074CE88 /* IMClassicAdViewController.h */ = {isa = PBXFileReference; fileEncoding = 4; lastKnownFileType = sourcecode.c.h; path = IMClassicAdViewController.h; sourceTree = "<group>"; };
		C7D4D6AE1F7E5D5E0074CE88 /* IMClassicAdViewController.m */ = {isa = PBXFileReference; fileEncoding = 4; lastKnownFileType = sourcecode.c.objc; path = IMClassicAdViewController.m; sourceTree = "<group>"; };
		C7D4D6AF1F7E5D5E0074CE88 /* IMClassicAdViewController_IB.h */ = {isa = PBXFileReference; fileEncoding = 4; lastKnownFileType = sourcecode.c.h; path = IMClassicAdViewController_IB.h; sourceTree = "<group>"; };
		C7D4D6B01F7E5D5E0074CE88 /* IMClassicAdViewController_IB.m */ = {isa = PBXFileReference; fileEncoding = 4; lastKnownFileType = sourcecode.c.objc; path = IMClassicAdViewController_IB.m; sourceTree = "<group>"; };
		C7D4D6B11F7E5D5E0074CE88 /* IMNativeViewController.h */ = {isa = PBXFileReference; fileEncoding = 4; lastKnownFileType = sourcecode.c.h; path = IMNativeViewController.h; sourceTree = "<group>"; };
		C7D4D6B21F7E5D5E0074CE88 /* IMNativeViewController.m */ = {isa = PBXFileReference; fileEncoding = 4; lastKnownFileType = sourcecode.c.objc; path = IMNativeViewController.m; sourceTree = "<group>"; };
		C7D4D6B61F7E5D690074CE88 /* IMMainTableViewController.h */ = {isa = PBXFileReference; fileEncoding = 4; lastKnownFileType = sourcecode.c.h; path = IMMainTableViewController.h; sourceTree = "<group>"; };
		C7D4D6B71F7E5D690074CE88 /* IMMainTableViewController.m */ = {isa = PBXFileReference; fileEncoding = 4; lastKnownFileType = sourcecode.c.objc; path = IMMainTableViewController.m; sourceTree = "<group>"; };
		C7D4D6B91F7E5D820074CE88 /* Main.storyboard */ = {isa = PBXFileReference; fileEncoding = 4; lastKnownFileType = file.storyboard; path = Main.storyboard; sourceTree = "<group>"; };
		C7D4D6BA1F7E5D820074CE88 /* SimpleTableCell.xib */ = {isa = PBXFileReference; fileEncoding = 4; lastKnownFileType = file.xib; path = SimpleTableCell.xib; sourceTree = "<group>"; };
		C7D4D6BD1F7E5F150074CE88 /* AdOptions.plist */ = {isa = PBXFileReference; fileEncoding = 4; lastKnownFileType = text.plist.xml; path = AdOptions.plist; sourceTree = "<group>"; };
		C7D4D6BF1F7E5F520074CE88 /* Images.xcassets */ = {isa = PBXFileReference; lastKnownFileType = folder.assetcatalog; path = Images.xcassets; sourceTree = "<group>"; };
		F2E90CFB060A7AD48412A62A /* Pods-InMobiAdsDemo.release.xcconfig */ = {isa = PBXFileReference; includeInIndex = 1; lastKnownFileType = text.xcconfig; name = "Pods-InMobiAdsDemo.release.xcconfig"; path = "Pods/Target Support Files/Pods-InMobiAdsDemo/Pods-InMobiAdsDemo.release.xcconfig"; sourceTree = "<group>"; };
		F68C944AC2ECB8BC10D9239D /* Pods-InMobiAdsDemoUITests.release.xcconfig */ = {isa = PBXFileReference; includeInIndex = 1; lastKnownFileType = text.xcconfig; name = "Pods-InMobiAdsDemoUITests.release.xcconfig"; path = "Pods/Target Support Files/Pods-InMobiAdsDemoUITests/Pods-InMobiAdsDemoUITests.release.xcconfig"; sourceTree = "<group>"; };
/* End PBXFileReference section */

/* Begin PBXFrameworksBuildPhase section */
		C7D4D66C1F7E5BD00074CE88 /* Frameworks */ = {
			isa = PBXFrameworksBuildPhase;
			buildActionMask = 2147483647;
			files = (
				BE9611951F839F1700377EE2 /* libsqlite3.0.tbd in Frameworks */,
				BE9611931F839F0B00377EE2 /* libz.tbd in Frameworks */,
				BE9611911F839F0000377EE2 /* WebKit.framework in Frameworks */,
				2D72DE8B9DFFE628C7928D91 /* Pods_InMobiAdsDemo.framework in Frameworks */,
			);
			runOnlyForDeploymentPostprocessing = 0;
		};
		C7D4D6851F7E5BD00074CE88 /* Frameworks */ = {
			isa = PBXFrameworksBuildPhase;
			buildActionMask = 2147483647;
			files = (
				E0C28631EA83C49910DC3216 /* Pods_InMobiAdsDemoTests.framework in Frameworks */,
			);
			runOnlyForDeploymentPostprocessing = 0;
		};
		C7D4D6901F7E5BD00074CE88 /* Frameworks */ = {
			isa = PBXFrameworksBuildPhase;
			buildActionMask = 2147483647;
			files = (
				40B17B583D40E2101661C6A7 /* Pods_InMobiAdsDemoUITests.framework in Frameworks */,
			);
			runOnlyForDeploymentPostprocessing = 0;
		};
/* End PBXFrameworksBuildPhase section */

/* Begin PBXGroup section */
		57699B23BD1C4AA730310052 /* Pods */ = {
			isa = PBXGroup;
			children = (
				9759CD4AE25BA25928001870 /* Pods-InMobiAdsDemo.debug.xcconfig */,
				F2E90CFB060A7AD48412A62A /* Pods-InMobiAdsDemo.release.xcconfig */,
				A657B931EF3785DE21E09A92 /* Pods-InMobiAdsDemoTests.debug.xcconfig */,
				6BC1D810A3FC687ECB67E6C2 /* Pods-InMobiAdsDemoTests.release.xcconfig */,
				ABBA77D41857AEFAE6D3C879 /* Pods-InMobiAdsDemoUITests.debug.xcconfig */,
				F68C944AC2ECB8BC10D9239D /* Pods-InMobiAdsDemoUITests.release.xcconfig */,
				9B846CBAA5B96E2DCB2B8F27 /* Pods-InMobiAdsDemoSwift.debug.xcconfig */,
				C52DE922ABFDA1F3626C7925 /* Pods-InMobiAdsDemoSwift.release.xcconfig */,
			);
			name = Pods;
			sourceTree = "<group>";
		};
		5B9BD42EEF075CCD9EB1733C /* Frameworks */ = {
			isa = PBXGroup;
			children = (
				BE9611941F839F1700377EE2 /* libsqlite3.0.tbd */,
				BE9611921F839F0A00377EE2 /* libz.tbd */,
				BE9611901F839F0000377EE2 /* WebKit.framework */,
				AE18C82BD5C7112AC70C272D /* Pods_InMobiAdsDemo.framework */,
				7BF8A10206902E640E08C1DD /* Pods_InMobiAdsDemoSwift.framework */,
				A16020E8B7C7A76537C32698 /* Pods_InMobiAdsDemoTests.framework */,
				AF47993CD81A8BE32E74E699 /* Pods_InMobiAdsDemoUITests.framework */,
			);
			name = Frameworks;
			sourceTree = "<group>";
		};
		C7D4D6661F7E5BD00074CE88 = {
			isa = PBXGroup;
			children = (
				C7D4D6711F7E5BD00074CE88 /* InMobiAdsDemo */,
				C7D4D68B1F7E5BD00074CE88 /* InMobiAdsDemoTests */,
				C7D4D6961F7E5BD00074CE88 /* InMobiAdsDemoUITests */,
				C7D4D6701F7E5BD00074CE88 /* Products */,
				57699B23BD1C4AA730310052 /* Pods */,
				5B9BD42EEF075CCD9EB1733C /* Frameworks */,
			);
			sourceTree = "<group>";
		};
		C7D4D6701F7E5BD00074CE88 /* Products */ = {
			isa = PBXGroup;
			children = (
				C7D4D66F1F7E5BD00074CE88 /* InMobiAdsDemo.app */,
				C7D4D6881F7E5BD00074CE88 /* InMobiAdsDemoTests.xctest */,
				C7D4D6931F7E5BD00074CE88 /* InMobiAdsDemoUITests.xctest */,
			);
			name = Products;
			sourceTree = "<group>";
		};
		C7D4D6711F7E5BD00074CE88 /* InMobiAdsDemo */ = {
			isa = PBXGroup;
			children = (
				C7D4D6A51F7E5D250074CE88 /* Constants */,
				C7D4D6A61F7E5D250074CE88 /* Controllers */,
				C7D4D6A71F7E5D250074CE88 /* CustomCells */,
				C7D4D6751F7E5BD00074CE88 /* AppDelegate.h */,
				C7D4D6761F7E5BD00074CE88 /* AppDelegate.m */,
				C7D4D6BD1F7E5F150074CE88 /* AdOptions.plist */,
				C7D4D6BF1F7E5F520074CE88 /* Images.xcassets */,
				C7D4D6B91F7E5D820074CE88 /* Main.storyboard */,
				C7D4D6BA1F7E5D820074CE88 /* SimpleTableCell.xib */,
				C7D4D6801F7E5BD00074CE88 /* LaunchScreen.storyboard */,
				C7D4D6831F7E5BD00074CE88 /* Info.plist */,
				C7D4D6721F7E5BD00074CE88 /* Supporting Files */,
			);
			path = InMobiAdsDemo;
			sourceTree = "<group>";
		};
		C7D4D6721F7E5BD00074CE88 /* Supporting Files */ = {
			isa = PBXGroup;
			children = (
				C7D4D6731F7E5BD00074CE88 /* main.m */,
			);
			name = "Supporting Files";
			sourceTree = "<group>";
		};
		C7D4D68B1F7E5BD00074CE88 /* InMobiAdsDemoTests */ = {
			isa = PBXGroup;
			children = (
				C7D4D68C1F7E5BD00074CE88 /* InMobiAdsDemoTests.m */,
				C7D4D68E1F7E5BD00074CE88 /* Info.plist */,
			);
			path = InMobiAdsDemoTests;
			sourceTree = "<group>";
		};
		C7D4D6961F7E5BD00074CE88 /* InMobiAdsDemoUITests */ = {
			isa = PBXGroup;
			children = (
				C7D4D6971F7E5BD00074CE88 /* InMobiAdsDemoUITests.m */,
				C7D4D6991F7E5BD00074CE88 /* Info.plist */,
			);
			path = InMobiAdsDemoUITests;
			sourceTree = "<group>";
		};
		C7D4D6A51F7E5D250074CE88 /* Constants */ = {
			isa = PBXGroup;
			children = (
				C7D4D6A81F7E5D390074CE88 /* IMAppIds.h */,
				C7D4D6A91F7E5D390074CE88 /* AppConstants.h */,
			);
			path = Constants;
			sourceTree = "<group>";
		};
		C7D4D6A61F7E5D250074CE88 /* Controllers */ = {
			isa = PBXGroup;
			children = (
				C7D4D6AD1F7E5D5E0074CE88 /* IMClassicAdViewController.h */,
				C7D4D6AE1F7E5D5E0074CE88 /* IMClassicAdViewController.m */,
				C7D4D6AF1F7E5D5E0074CE88 /* IMClassicAdViewController_IB.h */,
				C7D4D6B01F7E5D5E0074CE88 /* IMClassicAdViewController_IB.m */,
				C7D4D6B11F7E5D5E0074CE88 /* IMNativeViewController.h */,
				C7D4D6B21F7E5D5E0074CE88 /* IMNativeViewController.m */,
				C7D4D6B61F7E5D690074CE88 /* IMMainTableViewController.h */,
				C7D4D6B71F7E5D690074CE88 /* IMMainTableViewController.m */,
				BE33B8971F83B116009C585B /* IMSplashViewController.h */,
				BE33B8981F83B116009C585B /* IMSplashViewController.m */,
				BE33B8991F83B116009C585B /* IMSplashViewController.xib */,
				BE33B89C1F83B7DF009C585B /* IMPreRollViewController.h */,
				BE33B89D1F83B7DF009C585B /* IMPreRollViewController.m */,
				BE33B89E1F83B7DF009C585B /* IMPreRollViewController.xib */,
			);
			path = Controllers;
			sourceTree = "<group>";
		};
		C7D4D6A71F7E5D250074CE88 /* CustomCells */ = {
			isa = PBXGroup;
			children = (
				C7D4D6AA1F7E5D510074CE88 /* IMSimpleTableCell.h */,
				C7D4D6AB1F7E5D510074CE88 /* IMSimpleTableCell.m */,
			);
			path = CustomCells;
			sourceTree = "<group>";
		};
/* End PBXGroup section */

/* Begin PBXNativeTarget section */
		C7D4D66E1F7E5BD00074CE88 /* InMobiAdsDemo */ = {
			isa = PBXNativeTarget;
			buildConfigurationList = C7D4D69C1F7E5BD00074CE88 /* Build configuration list for PBXNativeTarget "InMobiAdsDemo" */;
			buildPhases = (
				ABD17661461B54D26EA4D7DE /* [CP] Check Pods Manifest.lock */,
				C7D4D66B1F7E5BD00074CE88 /* Sources */,
				C7D4D66C1F7E5BD00074CE88 /* Frameworks */,
				C7D4D66D1F7E5BD00074CE88 /* Resources */,
				03F3EFFC97BE7CAE5C0C503A /* [CP] Embed Pods Frameworks */,
				80BE611391A4F3E2B3CD97F3 /* [CP] Copy Pods Resources */,
			);
			buildRules = (
			);
			dependencies = (
			);
			name = InMobiAdsDemo;
			productName = InMobiAdsDemo;
			productReference = C7D4D66F1F7E5BD00074CE88 /* InMobiAdsDemo.app */;
			productType = "com.apple.product-type.application";
		};
		C7D4D6871F7E5BD00074CE88 /* InMobiAdsDemoTests */ = {
			isa = PBXNativeTarget;
			buildConfigurationList = C7D4D69F1F7E5BD00074CE88 /* Build configuration list for PBXNativeTarget "InMobiAdsDemoTests" */;
			buildPhases = (
				B37B79ED185959A48BF868E6 /* [CP] Check Pods Manifest.lock */,
				C7D4D6841F7E5BD00074CE88 /* Sources */,
				C7D4D6851F7E5BD00074CE88 /* Frameworks */,
				C7D4D6861F7E5BD00074CE88 /* Resources */,
				237157DC17DC6500C23675A4 /* [CP] Embed Pods Frameworks */,
				CCA9043577156CED5EA82508 /* [CP] Copy Pods Resources */,
			);
			buildRules = (
			);
			dependencies = (
				C7D4D68A1F7E5BD00074CE88 /* PBXTargetDependency */,
			);
			name = InMobiAdsDemoTests;
			productName = InMobiAdsDemoTests;
			productReference = C7D4D6881F7E5BD00074CE88 /* InMobiAdsDemoTests.xctest */;
			productType = "com.apple.product-type.bundle.unit-test";
		};
		C7D4D6921F7E5BD00074CE88 /* InMobiAdsDemoUITests */ = {
			isa = PBXNativeTarget;
			buildConfigurationList = C7D4D6A21F7E5BD00074CE88 /* Build configuration list for PBXNativeTarget "InMobiAdsDemoUITests" */;
			buildPhases = (
				1E63E2FF16A51EE55FE88795 /* [CP] Check Pods Manifest.lock */,
				C7D4D68F1F7E5BD00074CE88 /* Sources */,
				C7D4D6901F7E5BD00074CE88 /* Frameworks */,
				C7D4D6911F7E5BD00074CE88 /* Resources */,
				F0253C810941BD2F6B05A309 /* [CP] Embed Pods Frameworks */,
				381015586A55B1EDB423D5A6 /* [CP] Copy Pods Resources */,
			);
			buildRules = (
			);
			dependencies = (
				C7D4D6951F7E5BD00074CE88 /* PBXTargetDependency */,
			);
			name = InMobiAdsDemoUITests;
			productName = InMobiAdsDemoUITests;
			productReference = C7D4D6931F7E5BD00074CE88 /* InMobiAdsDemoUITests.xctest */;
			productType = "com.apple.product-type.bundle.ui-testing";
		};
/* End PBXNativeTarget section */

/* Begin PBXProject section */
		C7D4D6671F7E5BD00074CE88 /* Project object */ = {
			isa = PBXProject;
			attributes = {
				LastSwiftUpdateCheck = 0830;
				LastUpgradeCheck = 0830;
				ORGANIZATIONNAME = InMobi;
				TargetAttributes = {
					C7D4D66E1F7E5BD00074CE88 = {
						CreatedOnToolsVersion = 8.3.3;
						DevelopmentTeam = 867HB69W94;
						ProvisioningStyle = Automatic;
					};
					C7D4D6871F7E5BD00074CE88 = {
						CreatedOnToolsVersion = 8.3.3;
						DevelopmentTeam = 867HB69W94;
						ProvisioningStyle = Automatic;
						TestTargetID = C7D4D66E1F7E5BD00074CE88;
					};
					C7D4D6921F7E5BD00074CE88 = {
						CreatedOnToolsVersion = 8.3.3;
						DevelopmentTeam = 867HB69W94;
						ProvisioningStyle = Automatic;
						TestTargetID = C7D4D66E1F7E5BD00074CE88;
					};
				};
			};
			buildConfigurationList = C7D4D66A1F7E5BD00074CE88 /* Build configuration list for PBXProject "InMobiAdsDemo" */;
			compatibilityVersion = "Xcode 3.2";
			developmentRegion = English;
			hasScannedForEncodings = 0;
			knownRegions = (
				en,
				Base,
			);
			mainGroup = C7D4D6661F7E5BD00074CE88;
			productRefGroup = C7D4D6701F7E5BD00074CE88 /* Products */;
			projectDirPath = "";
			projectRoot = "";
			targets = (
				C7D4D66E1F7E5BD00074CE88 /* InMobiAdsDemo */,
				C7D4D6871F7E5BD00074CE88 /* InMobiAdsDemoTests */,
				C7D4D6921F7E5BD00074CE88 /* InMobiAdsDemoUITests */,
			);
		};
/* End PBXProject section */

/* Begin PBXResourcesBuildPhase section */
		C7D4D66D1F7E5BD00074CE88 /* Resources */ = {
			isa = PBXResourcesBuildPhase;
			buildActionMask = 2147483647;
			files = (
				C7D4D6BE1F7E5F150074CE88 /* AdOptions.plist in Resources */,
				BE33B89B1F83B116009C585B /* IMSplashViewController.xib in Resources */,
				C7D4D6BB1F7E5D820074CE88 /* Main.storyboard in Resources */,
				BE33B8A01F83B7DF009C585B /* IMPreRollViewController.xib in Resources */,
				C7D4D6821F7E5BD00074CE88 /* LaunchScreen.storyboard in Resources */,
				C7D4D6C01F7E5F520074CE88 /* Images.xcassets in Resources */,
				C7D4D6BC1F7E5D820074CE88 /* SimpleTableCell.xib in Resources */,
			);
			runOnlyForDeploymentPostprocessing = 0;
		};
		C7D4D6861F7E5BD00074CE88 /* Resources */ = {
			isa = PBXResourcesBuildPhase;
			buildActionMask = 2147483647;
			files = (
			);
			runOnlyForDeploymentPostprocessing = 0;
		};
		C7D4D6911F7E5BD00074CE88 /* Resources */ = {
			isa = PBXResourcesBuildPhase;
			buildActionMask = 2147483647;
			files = (
			);
			runOnlyForDeploymentPostprocessing = 0;
		};
/* End PBXResourcesBuildPhase section */

/* Begin PBXShellScriptBuildPhase section */
		03F3EFFC97BE7CAE5C0C503A /* [CP] Embed Pods Frameworks */ = {
			isa = PBXShellScriptBuildPhase;
			buildActionMask = 2147483647;
			files = (
			);
			inputPaths = (
			);
			name = "[CP] Embed Pods Frameworks";
			outputPaths = (
			);
			runOnlyForDeploymentPostprocessing = 0;
			shellPath = /bin/sh;
			shellScript = "\"${SRCROOT}/Pods/Target Support Files/Pods-InMobiAdsDemo/Pods-InMobiAdsDemo-frameworks.sh\"\n";
			showEnvVarsInLog = 0;
		};
		1E63E2FF16A51EE55FE88795 /* [CP] Check Pods Manifest.lock */ = {
			isa = PBXShellScriptBuildPhase;
			buildActionMask = 2147483647;
			files = (
			);
			inputPaths = (
			);
			name = "[CP] Check Pods Manifest.lock";
			outputPaths = (
			);
			runOnlyForDeploymentPostprocessing = 0;
			shellPath = /bin/sh;
			shellScript = "diff \"${PODS_PODFILE_DIR_PATH}/Podfile.lock\" \"${PODS_ROOT}/Manifest.lock\" > /dev/null\nif [ $? != 0 ] ; then\n    # print error to STDERR\n    echo \"error: The sandbox is not in sync with the Podfile.lock. Run 'pod install' or update your CocoaPods installation.\" >&2\n    exit 1\nfi\n";
			showEnvVarsInLog = 0;
		};
		237157DC17DC6500C23675A4 /* [CP] Embed Pods Frameworks */ = {
			isa = PBXShellScriptBuildPhase;
			buildActionMask = 2147483647;
			files = (
			);
			inputPaths = (
			);
			name = "[CP] Embed Pods Frameworks";
			outputPaths = (
			);
			runOnlyForDeploymentPostprocessing = 0;
			shellPath = /bin/sh;
			shellScript = "\"${SRCROOT}/Pods/Target Support Files/Pods-InMobiAdsDemoTests/Pods-InMobiAdsDemoTests-frameworks.sh\"\n";
			showEnvVarsInLog = 0;
		};
		381015586A55B1EDB423D5A6 /* [CP] Copy Pods Resources */ = {
			isa = PBXShellScriptBuildPhase;
			buildActionMask = 2147483647;
			files = (
			);
			inputPaths = (
			);
			name = "[CP] Copy Pods Resources";
			outputPaths = (
			);
			runOnlyForDeploymentPostprocessing = 0;
			shellPath = /bin/sh;
			shellScript = "\"${SRCROOT}/Pods/Target Support Files/Pods-InMobiAdsDemoUITests/Pods-InMobiAdsDemoUITests-resources.sh\"\n";
			showEnvVarsInLog = 0;
		};
		80BE611391A4F3E2B3CD97F3 /* [CP] Copy Pods Resources */ = {
			isa = PBXShellScriptBuildPhase;
			buildActionMask = 2147483647;
			files = (
			);
			inputPaths = (
			);
			name = "[CP] Copy Pods Resources";
			outputPaths = (
			);
			runOnlyForDeploymentPostprocessing = 0;
			shellPath = /bin/sh;
			shellScript = "\"${SRCROOT}/Pods/Target Support Files/Pods-InMobiAdsDemo/Pods-InMobiAdsDemo-resources.sh\"\n";
			showEnvVarsInLog = 0;
		};
		ABD17661461B54D26EA4D7DE /* [CP] Check Pods Manifest.lock */ = {
			isa = PBXShellScriptBuildPhase;
			buildActionMask = 2147483647;
			files = (
			);
			inputPaths = (
			);
			name = "[CP] Check Pods Manifest.lock";
			outputPaths = (
			);
			runOnlyForDeploymentPostprocessing = 0;
			shellPath = /bin/sh;
			shellScript = "diff \"${PODS_PODFILE_DIR_PATH}/Podfile.lock\" \"${PODS_ROOT}/Manifest.lock\" > /dev/null\nif [ $? != 0 ] ; then\n    # print error to STDERR\n    echo \"error: The sandbox is not in sync with the Podfile.lock. Run 'pod install' or update your CocoaPods installation.\" >&2\n    exit 1\nfi\n";
			showEnvVarsInLog = 0;
		};
		B37B79ED185959A48BF868E6 /* [CP] Check Pods Manifest.lock */ = {
			isa = PBXShellScriptBuildPhase;
			buildActionMask = 2147483647;
			files = (
			);
			inputPaths = (
			);
			name = "[CP] Check Pods Manifest.lock";
			outputPaths = (
			);
			runOnlyForDeploymentPostprocessing = 0;
			shellPath = /bin/sh;
			shellScript = "diff \"${PODS_PODFILE_DIR_PATH}/Podfile.lock\" \"${PODS_ROOT}/Manifest.lock\" > /dev/null\nif [ $? != 0 ] ; then\n    # print error to STDERR\n    echo \"error: The sandbox is not in sync with the Podfile.lock. Run 'pod install' or update your CocoaPods installation.\" >&2\n    exit 1\nfi\n";
			showEnvVarsInLog = 0;
		};
		CCA9043577156CED5EA82508 /* [CP] Copy Pods Resources */ = {
			isa = PBXShellScriptBuildPhase;
			buildActionMask = 2147483647;
			files = (
			);
			inputPaths = (
			);
			name = "[CP] Copy Pods Resources";
			outputPaths = (
			);
			runOnlyForDeploymentPostprocessing = 0;
			shellPath = /bin/sh;
			shellScript = "\"${SRCROOT}/Pods/Target Support Files/Pods-InMobiAdsDemoTests/Pods-InMobiAdsDemoTests-resources.sh\"\n";
			showEnvVarsInLog = 0;
		};
		F0253C810941BD2F6B05A309 /* [CP] Embed Pods Frameworks */ = {
			isa = PBXShellScriptBuildPhase;
			buildActionMask = 2147483647;
			files = (
			);
			inputPaths = (
			);
			name = "[CP] Embed Pods Frameworks";
			outputPaths = (
			);
			runOnlyForDeploymentPostprocessing = 0;
			shellPath = /bin/sh;
			shellScript = "\"${SRCROOT}/Pods/Target Support Files/Pods-InMobiAdsDemoUITests/Pods-InMobiAdsDemoUITests-frameworks.sh\"\n";
			showEnvVarsInLog = 0;
		};
/* End PBXShellScriptBuildPhase section */

/* Begin PBXSourcesBuildPhase section */
		C7D4D66B1F7E5BD00074CE88 /* Sources */ = {
			isa = PBXSourcesBuildPhase;
			buildActionMask = 2147483647;
			files = (
				C7D4D6AC1F7E5D510074CE88 /* IMSimpleTableCell.m in Sources */,
				C7D4D6B51F7E5D5E0074CE88 /* IMNativeViewController.m in Sources */,
				BE33B89F1F83B7DF009C585B /* IMPreRollViewController.m in Sources */,
				C7D4D6B81F7E5D690074CE88 /* IMMainTableViewController.m in Sources */,
				BE33B89A1F83B116009C585B /* IMSplashViewController.m in Sources */,
				C7D4D6771F7E5BD00074CE88 /* AppDelegate.m in Sources */,
				C7D4D6B31F7E5D5E0074CE88 /* IMClassicAdViewController.m in Sources */,
				C7D4D6741F7E5BD00074CE88 /* main.m in Sources */,
				C7D4D6B41F7E5D5E0074CE88 /* IMClassicAdViewController_IB.m in Sources */,
			);
			runOnlyForDeploymentPostprocessing = 0;
		};
		C7D4D6841F7E5BD00074CE88 /* Sources */ = {
			isa = PBXSourcesBuildPhase;
			buildActionMask = 2147483647;
			files = (
				C7D4D68D1F7E5BD00074CE88 /* InMobiAdsDemoTests.m in Sources */,
			);
			runOnlyForDeploymentPostprocessing = 0;
		};
		C7D4D68F1F7E5BD00074CE88 /* Sources */ = {
			isa = PBXSourcesBuildPhase;
			buildActionMask = 2147483647;
			files = (
				C7D4D6981F7E5BD00074CE88 /* InMobiAdsDemoUITests.m in Sources */,
			);
			runOnlyForDeploymentPostprocessing = 0;
		};
/* End PBXSourcesBuildPhase section */

/* Begin PBXTargetDependency section */
		C7D4D68A1F7E5BD00074CE88 /* PBXTargetDependency */ = {
			isa = PBXTargetDependency;
			target = C7D4D66E1F7E5BD00074CE88 /* InMobiAdsDemo */;
			targetProxy = C7D4D6891F7E5BD00074CE88 /* PBXContainerItemProxy */;
		};
		C7D4D6951F7E5BD00074CE88 /* PBXTargetDependency */ = {
			isa = PBXTargetDependency;
			target = C7D4D66E1F7E5BD00074CE88 /* InMobiAdsDemo */;
			targetProxy = C7D4D6941F7E5BD00074CE88 /* PBXContainerItemProxy */;
		};
/* End PBXTargetDependency section */

/* Begin PBXVariantGroup section */
		C7D4D6801F7E5BD00074CE88 /* LaunchScreen.storyboard */ = {
			isa = PBXVariantGroup;
			children = (
				C7D4D6811F7E5BD00074CE88 /* Base */,
			);
			name = LaunchScreen.storyboard;
			sourceTree = "<group>";
		};
/* End PBXVariantGroup section */

/* Begin XCBuildConfiguration section */
		C7D4D69A1F7E5BD00074CE88 /* Debug */ = {
			isa = XCBuildConfiguration;
			buildSettings = {
				ALWAYS_SEARCH_USER_PATHS = NO;
				CLANG_ANALYZER_NONNULL = YES;
				CLANG_ANALYZER_NUMBER_OBJECT_CONVERSION = YES_AGGRESSIVE;
				CLANG_CXX_LANGUAGE_STANDARD = "gnu++0x";
				CLANG_CXX_LIBRARY = "libc++";
				CLANG_ENABLE_MODULES = YES;
				CLANG_ENABLE_OBJC_ARC = YES;
				CLANG_WARN_BOOL_CONVERSION = YES;
				CLANG_WARN_CONSTANT_CONVERSION = YES;
				CLANG_WARN_DIRECT_OBJC_ISA_USAGE = YES_ERROR;
				CLANG_WARN_DOCUMENTATION_COMMENTS = YES;
				CLANG_WARN_EMPTY_BODY = YES;
				CLANG_WARN_ENUM_CONVERSION = YES;
				CLANG_WARN_INFINITE_RECURSION = YES;
				CLANG_WARN_INT_CONVERSION = YES;
				CLANG_WARN_OBJC_ROOT_CLASS = YES_ERROR;
				CLANG_WARN_SUSPICIOUS_MOVE = YES;
				CLANG_WARN_UNREACHABLE_CODE = YES;
				CLANG_WARN__DUPLICATE_METHOD_MATCH = YES;
				"CODE_SIGN_IDENTITY[sdk=iphoneos*]" = "iPhone Developer";
				COPY_PHASE_STRIP = NO;
				DEBUG_INFORMATION_FORMAT = dwarf;
				ENABLE_STRICT_OBJC_MSGSEND = YES;
				ENABLE_TESTABILITY = YES;
				GCC_C_LANGUAGE_STANDARD = gnu99;
				GCC_DYNAMIC_NO_PIC = NO;
				GCC_NO_COMMON_BLOCKS = YES;
				GCC_OPTIMIZATION_LEVEL = 0;
				GCC_PREPROCESSOR_DEFINITIONS = (
					"DEBUG=1",
					"$(inherited)",
				);
				GCC_WARN_64_TO_32_BIT_CONVERSION = YES;
				GCC_WARN_ABOUT_RETURN_TYPE = YES_ERROR;
				GCC_WARN_UNDECLARED_SELECTOR = YES;
				GCC_WARN_UNINITIALIZED_AUTOS = YES_AGGRESSIVE;
				GCC_WARN_UNUSED_FUNCTION = YES;
				GCC_WARN_UNUSED_VARIABLE = YES;
				IPHONEOS_DEPLOYMENT_TARGET = 10.3;
				MTL_ENABLE_DEBUG_INFO = YES;
				ONLY_ACTIVE_ARCH = YES;
				SDKROOT = iphoneos;
			};
			name = Debug;
		};
		C7D4D69B1F7E5BD00074CE88 /* Release */ = {
			isa = XCBuildConfiguration;
			buildSettings = {
				ALWAYS_SEARCH_USER_PATHS = NO;
				CLANG_ANALYZER_NONNULL = YES;
				CLANG_ANALYZER_NUMBER_OBJECT_CONVERSION = YES_AGGRESSIVE;
				CLANG_CXX_LANGUAGE_STANDARD = "gnu++0x";
				CLANG_CXX_LIBRARY = "libc++";
				CLANG_ENABLE_MODULES = YES;
				CLANG_ENABLE_OBJC_ARC = YES;
				CLANG_WARN_BOOL_CONVERSION = YES;
				CLANG_WARN_CONSTANT_CONVERSION = YES;
				CLANG_WARN_DIRECT_OBJC_ISA_USAGE = YES_ERROR;
				CLANG_WARN_DOCUMENTATION_COMMENTS = YES;
				CLANG_WARN_EMPTY_BODY = YES;
				CLANG_WARN_ENUM_CONVERSION = YES;
				CLANG_WARN_INFINITE_RECURSION = YES;
				CLANG_WARN_INT_CONVERSION = YES;
				CLANG_WARN_OBJC_ROOT_CLASS = YES_ERROR;
				CLANG_WARN_SUSPICIOUS_MOVE = YES;
				CLANG_WARN_UNREACHABLE_CODE = YES;
				CLANG_WARN__DUPLICATE_METHOD_MATCH = YES;
				"CODE_SIGN_IDENTITY[sdk=iphoneos*]" = "iPhone Developer";
				COPY_PHASE_STRIP = NO;
				DEBUG_INFORMATION_FORMAT = "dwarf-with-dsym";
				ENABLE_NS_ASSERTIONS = NO;
				ENABLE_STRICT_OBJC_MSGSEND = YES;
				GCC_C_LANGUAGE_STANDARD = gnu99;
				GCC_NO_COMMON_BLOCKS = YES;
				GCC_WARN_64_TO_32_BIT_CONVERSION = YES;
				GCC_WARN_ABOUT_RETURN_TYPE = YES_ERROR;
				GCC_WARN_UNDECLARED_SELECTOR = YES;
				GCC_WARN_UNINITIALIZED_AUTOS = YES_AGGRESSIVE;
				GCC_WARN_UNUSED_FUNCTION = YES;
				GCC_WARN_UNUSED_VARIABLE = YES;
				IPHONEOS_DEPLOYMENT_TARGET = 10.3;
				MTL_ENABLE_DEBUG_INFO = NO;
				SDKROOT = iphoneos;
				VALIDATE_PRODUCT = YES;
			};
			name = Release;
		};
		C7D4D69D1F7E5BD00074CE88 /* Debug */ = {
			isa = XCBuildConfiguration;
			baseConfigurationReference = 9759CD4AE25BA25928001870 /* Pods-InMobiAdsDemo.debug.xcconfig */;
			buildSettings = {
				ASSETCATALOG_COMPILER_APPICON_NAME = AppIcon;
				DEVELOPMENT_TEAM = 867HB69W94;
				FRAMEWORK_SEARCH_PATHS = (
					"$(inherited)",
					"$(PROJECT_DIR)",
				);
				INFOPLIST_FILE = InMobiAdsDemo/Info.plist;
				IPHONEOS_DEPLOYMENT_TARGET = 9.0;
				LD_RUNPATH_SEARCH_PATHS = "$(inherited) @executable_path/Frameworks";
				PRODUCT_BUNDLE_IDENTIFIER = InMobi.InMobiAdsDemo;
				PRODUCT_NAME = "$(TARGET_NAME)";
			};
			name = Debug;
		};
		C7D4D69E1F7E5BD00074CE88 /* Release */ = {
			isa = XCBuildConfiguration;
			baseConfigurationReference = F2E90CFB060A7AD48412A62A /* Pods-InMobiAdsDemo.release.xcconfig */;
			buildSettings = {
				ASSETCATALOG_COMPILER_APPICON_NAME = AppIcon;
				DEVELOPMENT_TEAM = 867HB69W94;
				FRAMEWORK_SEARCH_PATHS = (
					"$(inherited)",
					"$(PROJECT_DIR)",
				);
				INFOPLIST_FILE = InMobiAdsDemo/Info.plist;
				IPHONEOS_DEPLOYMENT_TARGET = 9.0;
				LD_RUNPATH_SEARCH_PATHS = "$(inherited) @executable_path/Frameworks";
				PRODUCT_BUNDLE_IDENTIFIER = InMobi.InMobiAdsDemo;
				PRODUCT_NAME = "$(TARGET_NAME)";
			};
			name = Release;
		};
		C7D4D6A01F7E5BD00074CE88 /* Debug */ = {
			isa = XCBuildConfiguration;
			baseConfigurationReference = A657B931EF3785DE21E09A92 /* Pods-InMobiAdsDemoTests.debug.xcconfig */;
			buildSettings = {
				BUNDLE_LOADER = "$(TEST_HOST)";
				DEVELOPMENT_TEAM = 867HB69W94;
				INFOPLIST_FILE = InMobiAdsDemoTests/Info.plist;
				LD_RUNPATH_SEARCH_PATHS = "$(inherited) @executable_path/Frameworks @loader_path/Frameworks";
				PRODUCT_BUNDLE_IDENTIFIER = InMobi.InMobiAdsDemoTests;
				PRODUCT_NAME = "$(TARGET_NAME)";
				TEST_HOST = "$(BUILT_PRODUCTS_DIR)/InMobiAdsDemo.app/InMobiAdsDemo";
			};
			name = Debug;
		};
		C7D4D6A11F7E5BD00074CE88 /* Release */ = {
			isa = XCBuildConfiguration;
			baseConfigurationReference = 6BC1D810A3FC687ECB67E6C2 /* Pods-InMobiAdsDemoTests.release.xcconfig */;
			buildSettings = {
				BUNDLE_LOADER = "$(TEST_HOST)";
				DEVELOPMENT_TEAM = 867HB69W94;
				INFOPLIST_FILE = InMobiAdsDemoTests/Info.plist;
				LD_RUNPATH_SEARCH_PATHS = "$(inherited) @executable_path/Frameworks @loader_path/Frameworks";
				PRODUCT_BUNDLE_IDENTIFIER = InMobi.InMobiAdsDemoTests;
				PRODUCT_NAME = "$(TARGET_NAME)";
				TEST_HOST = "$(BUILT_PRODUCTS_DIR)/InMobiAdsDemo.app/InMobiAdsDemo";
			};
			name = Release;
		};
		C7D4D6A31F7E5BD00074CE88 /* Debug */ = {
			isa = XCBuildConfiguration;
			baseConfigurationReference = ABBA77D41857AEFAE6D3C879 /* Pods-InMobiAdsDemoUITests.debug.xcconfig */;
			buildSettings = {
				DEVELOPMENT_TEAM = 867HB69W94;
				INFOPLIST_FILE = InMobiAdsDemoUITests/Info.plist;
				LD_RUNPATH_SEARCH_PATHS = "$(inherited) @executable_path/Frameworks @loader_path/Frameworks";
				PRODUCT_BUNDLE_IDENTIFIER = InMobi.InMobiAdsDemoUITests;
				PRODUCT_NAME = "$(TARGET_NAME)";
				TEST_TARGET_NAME = InMobiAdsDemo;
			};
			name = Debug;
		};
		C7D4D6A41F7E5BD00074CE88 /* Release */ = {
			isa = XCBuildConfiguration;
			baseConfigurationReference = F68C944AC2ECB8BC10D9239D /* Pods-InMobiAdsDemoUITests.release.xcconfig */;
			buildSettings = {
				DEVELOPMENT_TEAM = 867HB69W94;
				INFOPLIST_FILE = InMobiAdsDemoUITests/Info.plist;
				LD_RUNPATH_SEARCH_PATHS = "$(inherited) @executable_path/Frameworks @loader_path/Frameworks";
				PRODUCT_BUNDLE_IDENTIFIER = InMobi.InMobiAdsDemoUITests;
				PRODUCT_NAME = "$(TARGET_NAME)";
				TEST_TARGET_NAME = InMobiAdsDemo;
			};
			name = Release;
		};
/* End XCBuildConfiguration section */

/* Begin XCConfigurationList section */
		C7D4D66A1F7E5BD00074CE88 /* Build configuration list for PBXProject "InMobiAdsDemo" */ = {
			isa = XCConfigurationList;
			buildConfigurations = (
				C7D4D69A1F7E5BD00074CE88 /* Debug */,
				C7D4D69B1F7E5BD00074CE88 /* Release */,
			);
			defaultConfigurationIsVisible = 0;
			defaultConfigurationName = Release;
		};
		C7D4D69C1F7E5BD00074CE88 /* Build configuration list for PBXNativeTarget "InMobiAdsDemo" */ = {
			isa = XCConfigurationList;
			buildConfigurations = (
				C7D4D69D1F7E5BD00074CE88 /* Debug */,
				C7D4D69E1F7E5BD00074CE88 /* Release */,
			);
			defaultConfigurationIsVisible = 0;
			defaultConfigurationName = Release;
		};
		C7D4D69F1F7E5BD00074CE88 /* Build configuration list for PBXNativeTarget "InMobiAdsDemoTests" */ = {
			isa = XCConfigurationList;
			buildConfigurations = (
				C7D4D6A01F7E5BD00074CE88 /* Debug */,
				C7D4D6A11F7E5BD00074CE88 /* Release */,
			);
			defaultConfigurationIsVisible = 0;
			defaultConfigurationName = Release;
		};
		C7D4D6A21F7E5BD00074CE88 /* Build configuration list for PBXNativeTarget "InMobiAdsDemoUITests" */ = {
			isa = XCConfigurationList;
			buildConfigurations = (
				C7D4D6A31F7E5BD00074CE88 /* Debug */,
				C7D4D6A41F7E5BD00074CE88 /* Release */,
			);
			defaultConfigurationIsVisible = 0;
			defaultConfigurationName = Release;
		};
/* End XCConfigurationList section */
	};
	rootObject = C7D4D6671F7E5BD00074CE88 /* Project object */;
}
