// !$*UTF8*$!
{
	archiveVersion = 1;
	classes = {
	};
	objectVersion = 50;
	objects = {

/* Begin PBXBuildFile section */
		3DB9E57C1D83687900A4365A /* main.m in Sources */ = {isa = PBXBuildFile; fileRef = 3DB9E57B1D83687900A4365A /* main.m */; };
		3DB9E57F1D83687900A4365A /* AppDelegate.m in Sources */ = {isa = PBXBuildFile; fileRef = 3DB9E57E1D83687900A4365A /* AppDelegate.m */; };
		3DB9E5821D83687900A4365A /* ViewController.m in Sources */ = {isa = PBXBuildFile; fileRef = 3DB9E5811D83687900A4365A /* ViewController.m */; };
		3DB9E5851D83687900A4365A /* Main.storyboard in Resources */ = {isa = PBXBuildFile; fileRef = 3DB9E5831D83687900A4365A /* Main.storyboard */; };
		3DB9E5871D83687900A4365A /* Assets.xcassets in Resources */ = {isa = PBXBuildFile; fileRef = 3DB9E5861D83687900A4365A /* Assets.xcassets */; };
		3DB9E58A1D83687900A4365A /* LaunchScreen.storyboard in Resources */ = {isa = PBXBuildFile; fileRef = 3DB9E5881D83687900A4365A /* LaunchScreen.storyboard */; };
		3DB9E5981D83688B00A4365A /* AppDelegate.swift in Sources */ = {isa = PBXBuildFile; fileRef = 3DB9E5971D83688B00A4365A /* AppDelegate.swift */; };
		3DB9E59A1D83688B00A4365A /* ViewController.swift in Sources */ = {isa = PBXBuildFile; fileRef = 3DB9E5991D83688B00A4365A /* ViewController.swift */; };
		3DB9E59D1D83688B00A4365A /* Main.storyboard in Resources */ = {isa = PBXBuildFile; fileRef = 3DB9E59B1D83688B00A4365A /* Main.storyboard */; };
		3DB9E59F1D83688B00A4365A /* Assets.xcassets in Resources */ = {isa = PBXBuildFile; fileRef = 3DB9E59E1D83688B00A4365A /* Assets.xcassets */; };
		3DB9E5A21D83688B00A4365A /* LaunchScreen.storyboard in Resources */ = {isa = PBXBuildFile; fileRef = 3DB9E5A01D83688B00A4365A /* LaunchScreen.storyboard */; };
		D528640F1201BF060F3300EB /* Pods_InterstitialSample.framework in Frameworks */ = {isa = PBXBuildFile; fileRef = 4A87D337B2FCC7345AF36A68 /* Pods_InterstitialSample.framework */; };
		F340B17917A779D447F2BF87 /* Pods_InterstitialSwiftSample.framework in Frameworks */ = {isa = PBXBuildFile; fileRef = 0B793C93127CC548906F7A49 /* Pods_InterstitialSwiftSample.framework */; };
/* End PBXBuildFile section */

/* Begin PBXFileReference section */
		0B793C93127CC548906F7A49 /* Pods_InterstitialSwiftSample.framework */ = {isa = PBXFileReference; explicitFileType = wrapper.framework; includeInIndex = 0; path = Pods_InterstitialSwiftSample.framework; sourceTree = BUILT_PRODUCTS_DIR; };
		259BF4EEC80AA20350789ECE /* Pods-InterstitialSample.debug.xcconfig */ = {isa = PBXFileReference; includeInIndex = 1; lastKnownFileType = text.xcconfig; name = "Pods-InterstitialSample.debug.xcconfig"; path = "Target Support Files/Pods-InterstitialSample/Pods-InterstitialSample.debug.xcconfig"; sourceTree = "<group>"; };
		2E6C0FADA6EFAB1A3DB3ECFD /* Pods-InterstitialSwiftSample.debug.xcconfig */ = {isa = PBXFileReference; includeInIndex = 1; lastKnownFileType = text.xcconfig; name = "Pods-InterstitialSwiftSample.debug.xcconfig"; path = "Target Support Files/Pods-InterstitialSwiftSample/Pods-InterstitialSwiftSample.debug.xcconfig"; sourceTree = "<group>"; };
		3DB9E5771D83687900A4365A /* InterstitialSample.app */ = {isa = PBXFileReference; explicitFileType = wrapper.application; includeInIndex = 0; path = InterstitialSample.app; sourceTree = BUILT_PRODUCTS_DIR; };
		3DB9E57B1D83687900A4365A /* main.m */ = {isa = PBXFileReference; lastKnownFileType = sourcecode.c.objc; path = main.m; sourceTree = "<group>"; };
		3DB9E57D1D83687900A4365A /* AppDelegate.h */ = {isa = PBXFileReference; lastKnownFileType = sourcecode.c.h; path = AppDelegate.h; sourceTree = "<group>"; };
		3DB9E57E1D83687900A4365A /* AppDelegate.m */ = {isa = PBXFileReference; lastKnownFileType = sourcecode.c.objc; path = AppDelegate.m; sourceTree = "<group>"; };
		3DB9E5801D83687900A4365A /* ViewController.h */ = {isa = PBXFileReference; lastKnownFileType = sourcecode.c.h; path = ViewController.h; sourceTree = "<group>"; };
		3DB9E5811D83687900A4365A /* ViewController.m */ = {isa = PBXFileReference; lastKnownFileType = sourcecode.c.objc; path = ViewController.m; sourceTree = "<group>"; };
		3DB9E5841D83687900A4365A /* Base */ = {isa = PBXFileReference; lastKnownFileType = file.storyboard; name = Base; path = Base.lproj/Main.storyboard; sourceTree = "<group>"; };
		3DB9E5861D83687900A4365A /* Assets.xcassets */ = {isa = PBXFileReference; lastKnownFileType = folder.assetcatalog; path = Assets.xcassets; sourceTree = "<group>"; };
		3DB9E5891D83687900A4365A /* Base */ = {isa = PBXFileReference; lastKnownFileType = file.storyboard; name = Base; path = Base.lproj/LaunchScreen.storyboard; sourceTree = "<group>"; };
		3DB9E58B1D83687900A4365A /* Info.plist */ = {isa = PBXFileReference; lastKnownFileType = text.plist.xml; path = Info.plist; sourceTree = "<group>"; };
		3DB9E5951D83688B00A4365A /* InterstitialSwiftSample.app */ = {isa = PBXFileReference; explicitFileType = wrapper.application; includeInIndex = 0; path = InterstitialSwiftSample.app; sourceTree = BUILT_PRODUCTS_DIR; };
		3DB9E5971D83688B00A4365A /* AppDelegate.swift */ = {isa = PBXFileReference; lastKnownFileType = sourcecode.swift; path = AppDelegate.swift; sourceTree = "<group>"; };
		3DB9E5991D83688B00A4365A /* ViewController.swift */ = {isa = PBXFileReference; lastKnownFileType = sourcecode.swift; path = ViewController.swift; sourceTree = "<group>"; };
		3DB9E59C1D83688B00A4365A /* Base */ = {isa = PBXFileReference; lastKnownFileType = file.storyboard; name = Base; path = Base.lproj/Main.storyboard; sourceTree = "<group>"; };
		3DB9E59E1D83688B00A4365A /* Assets.xcassets */ = {isa = PBXFileReference; lastKnownFileType = folder.assetcatalog; path = Assets.xcassets; sourceTree = "<group>"; };
		3DB9E5A11D83688B00A4365A /* Base */ = {isa = PBXFileReference; lastKnownFileType = file.storyboard; name = Base; path = Base.lproj/LaunchScreen.storyboard; sourceTree = "<group>"; };
		3DB9E5A31D83688B00A4365A /* Info.plist */ = {isa = PBXFileReference; lastKnownFileType = text.plist.xml; path = Info.plist; sourceTree = "<group>"; };
		3DB9E6251D837B3D00A4365A /* InMobiSDK.framework */ = {isa = PBXFileReference; lastKnownFileType = wrapper.framework; name = InMobiSDK.framework; path = ../InMobi/InMobiSDK.framework; sourceTree = "<group>"; };
		3DB9E6271D837B4200A4365A /* libz.tbd */ = {isa = PBXFileReference; lastKnownFileType = "sourcecode.text-based-dylib-definition"; name = libz.tbd; path = usr/lib/libz.tbd; sourceTree = SDKROOT; };
		3DB9E6291D837B4700A4365A /* libsqlite3.tbd */ = {isa = PBXFileReference; lastKnownFileType = "sourcecode.text-based-dylib-definition"; name = libsqlite3.tbd; path = usr/lib/libsqlite3.tbd; sourceTree = SDKROOT; };
		4A87D337B2FCC7345AF36A68 /* Pods_InterstitialSample.framework */ = {isa = PBXFileReference; explicitFileType = wrapper.framework; includeInIndex = 0; path = Pods_InterstitialSample.framework; sourceTree = BUILT_PRODUCTS_DIR; };
		831486BA006D06BC6786D106 /* Pods-InterstitialSwiftSample.release.xcconfig */ = {isa = PBXFileReference; includeInIndex = 1; lastKnownFileType = text.xcconfig; name = "Pods-InterstitialSwiftSample.release.xcconfig"; path = "Target Support Files/Pods-InterstitialSwiftSample/Pods-InterstitialSwiftSample.release.xcconfig"; sourceTree = "<group>"; };
		D38D4CE56C123F1F9B6474F4 /* Pods-InterstitialSample.release.xcconfig */ = {isa = PBXFileReference; includeInIndex = 1; lastKnownFileType = text.xcconfig; name = "Pods-InterstitialSample.release.xcconfig"; path = "Target Support Files/Pods-InterstitialSample/Pods-InterstitialSample.release.xcconfig"; sourceTree = "<group>"; };
		E16A52892345EF5200264C35 /* WebKit.framework */ = {isa = PBXFileReference; lastKnownFileType = wrapper.framework; name = WebKit.framework; path = System/Library/Frameworks/WebKit.framework; sourceTree = SDKROOT; };
/* End PBXFileReference section */

/* Begin PBXFrameworksBuildPhase section */
		3DB9E5741D83687900A4365A /* Frameworks */ = {
			isa = PBXFrameworksBuildPhase;
			buildActionMask = 2147483647;
			files = (
				D528640F1201BF060F3300EB /* Pods_InterstitialSample.framework in Frameworks */,
			);
			runOnlyForDeploymentPostprocessing = 0;
		};
		3DB9E5921D83688B00A4365A /* Frameworks */ = {
			isa = PBXFrameworksBuildPhase;
			buildActionMask = 2147483647;
			files = (
				F340B17917A779D447F2BF87 /* Pods_InterstitialSwiftSample.framework in Frameworks */,
			);
			runOnlyForDeploymentPostprocessing = 0;
		};
/* End PBXFrameworksBuildPhase section */

/* Begin PBXGroup section */
		2062AAB100B1F5B4CE867BDC /* Pods */ = {
			isa = PBXGroup;
			children = (
				259BF4EEC80AA20350789ECE /* Pods-InterstitialSample.debug.xcconfig */,
				D38D4CE56C123F1F9B6474F4 /* Pods-InterstitialSample.release.xcconfig */,
				2E6C0FADA6EFAB1A3DB3ECFD /* Pods-InterstitialSwiftSample.debug.xcconfig */,
				831486BA006D06BC6786D106 /* Pods-InterstitialSwiftSample.release.xcconfig */,
			);
			path = Pods;
			sourceTree = "<group>";
		};
		3DB9E56E1D83687900A4365A = {
			isa = PBXGroup;
			children = (
				3DB9E5791D83687900A4365A /* InterstitialSample */,
				3DB9E5961D83688B00A4365A /* InterstitialSwiftSample */,
				3DB9E5781D83687900A4365A /* Products */,
				3DB9E6241D837B3B00A4365A /* Frameworks */,
				2062AAB100B1F5B4CE867BDC /* Pods */,
			);
			sourceTree = "<group>";
		};
		3DB9E5781D83687900A4365A /* Products */ = {
			isa = PBXGroup;
			children = (
				3DB9E5771D83687900A4365A /* InterstitialSample.app */,
				3DB9E5951D83688B00A4365A /* InterstitialSwiftSample.app */,
			);
			name = Products;
			sourceTree = "<group>";
		};
		3DB9E5791D83687900A4365A /* InterstitialSample */ = {
			isa = PBXGroup;
			children = (
				3DB9E57D1D83687900A4365A /* AppDelegate.h */,
				3DB9E57E1D83687900A4365A /* AppDelegate.m */,
				3DB9E5801D83687900A4365A /* ViewController.h */,
				3DB9E5811D83687900A4365A /* ViewController.m */,
				3DB9E5831D83687900A4365A /* Main.storyboard */,
				3DB9E5861D83687900A4365A /* Assets.xcassets */,
				3DB9E5881D83687900A4365A /* LaunchScreen.storyboard */,
				3DB9E58B1D83687900A4365A /* Info.plist */,
				3DB9E57A1D83687900A4365A /* Supporting Files */,
			);
			path = InterstitialSample;
			sourceTree = "<group>";
		};
		3DB9E57A1D83687900A4365A /* Supporting Files */ = {
			isa = PBXGroup;
			children = (
				3DB9E57B1D83687900A4365A /* main.m */,
			);
			name = "Supporting Files";
			sourceTree = "<group>";
		};
		3DB9E5961D83688B00A4365A /* InterstitialSwiftSample */ = {
			isa = PBXGroup;
			children = (
				3DB9E5971D83688B00A4365A /* AppDelegate.swift */,
				3DB9E5991D83688B00A4365A /* ViewController.swift */,
				3DB9E59B1D83688B00A4365A /* Main.storyboard */,
				3DB9E59E1D83688B00A4365A /* Assets.xcassets */,
				3DB9E5A01D83688B00A4365A /* LaunchScreen.storyboard */,
				3DB9E5A31D83688B00A4365A /* Info.plist */,
			);
			path = InterstitialSwiftSample;
			sourceTree = "<group>";
		};
		3DB9E6241D837B3B00A4365A /* Frameworks */ = {
			isa = PBXGroup;
			children = (
				E16A52892345EF5200264C35 /* WebKit.framework */,
				3DB9E6291D837B4700A4365A /* libsqlite3.tbd */,
				3DB9E6271D837B4200A4365A /* libz.tbd */,
				3DB9E6251D837B3D00A4365A /* InMobiSDK.framework */,
				4A87D337B2FCC7345AF36A68 /* Pods_InterstitialSample.framework */,
				0B793C93127CC548906F7A49 /* Pods_InterstitialSwiftSample.framework */,
			);
			name = Frameworks;
			sourceTree = "<group>";
		};
/* End PBXGroup section */

/* Begin PBXNativeTarget section */
		3DB9E5761D83687900A4365A /* InterstitialSample */ = {
			isa = PBXNativeTarget;
			buildConfigurationList = 3DB9E58E1D83687900A4365A /* Build configuration list for PBXNativeTarget "InterstitialSample" */;
			buildPhases = (
				087444E39C972D9C063656FD /* [CP] Check Pods Manifest.lock */,
				3DB9E5731D83687900A4365A /* Sources */,
				3DB9E5741D83687900A4365A /* Frameworks */,
				3DB9E5751D83687900A4365A /* Resources */,
			);
			buildRules = (
			);
			dependencies = (
			);
			name = InterstitialSample;
			productName = InterstitialSample;
			productReference = 3DB9E5771D83687900A4365A /* InterstitialSample.app */;
			productType = "com.apple.product-type.application";
		};
		3DB9E5941D83688B00A4365A /* InterstitialSwiftSample */ = {
			isa = PBXNativeTarget;
			buildConfigurationList = 3DB9E5A41D83688B00A4365A /* Build configuration list for PBXNativeTarget "InterstitialSwiftSample" */;
			buildPhases = (
				DAE3BC6C9051DCC3CBBB9954 /* [CP] Check Pods Manifest.lock */,
				3DB9E5911D83688B00A4365A /* Sources */,
				3DB9E5921D83688B00A4365A /* Frameworks */,
				3DB9E5931D83688B00A4365A /* Resources */,
			);
			buildRules = (
			);
			dependencies = (
			);
			name = InterstitialSwiftSample;
			productName = InterstitialSwiftSample;
			productReference = 3DB9E5951D83688B00A4365A /* InterstitialSwiftSample.app */;
			productType = "com.apple.product-type.application";
		};
/* End PBXNativeTarget section */

/* Begin PBXProject section */
		3DB9E56F1D83687900A4365A /* Project object */ = {
			isa = PBXProject;
			attributes = {
				LastSwiftUpdateCheck = 0800;
				LastUpgradeCheck = 1100;
				ORGANIZATIONNAME = InMobi;
				TargetAttributes = {
					3DB9E5761D83687900A4365A = {
						CreatedOnToolsVersion = 8.0;
						ProvisioningStyle = Automatic;
					};
					3DB9E5941D83688B00A4365A = {
						CreatedOnToolsVersion = 8.0;
						ProvisioningStyle = Automatic;
					};
				};
			};
			buildConfigurationList = 3DB9E5721D83687900A4365A /* Build configuration list for PBXProject "InterstitialSample" */;
			compatibilityVersion = "Xcode 9.3";
			developmentRegion = en;
			hasScannedForEncodings = 0;
			knownRegions = (
				en,
				Base,
			);
			mainGroup = 3DB9E56E1D83687900A4365A;
			productRefGroup = 3DB9E5781D83687900A4365A /* Products */;
			projectDirPath = "";
			projectRoot = "";
			targets = (
				3DB9E5761D83687900A4365A /* InterstitialSample */,
				3DB9E5941D83688B00A4365A /* InterstitialSwiftSample */,
			);
		};
/* End PBXProject section */

/* Begin PBXResourcesBuildPhase section */
		3DB9E5751D83687900A4365A /* Resources */ = {
			isa = PBXResourcesBuildPhase;
			buildActionMask = 2147483647;
			files = (
				3DB9E58A1D83687900A4365A /* LaunchScreen.storyboard in Resources */,
				3DB9E5871D83687900A4365A /* Assets.xcassets in Resources */,
				3DB9E5851D83687900A4365A /* Main.storyboard in Resources */,
			);
			runOnlyForDeploymentPostprocessing = 0;
		};
		3DB9E5931D83688B00A4365A /* Resources */ = {
			isa = PBXResourcesBuildPhase;
			buildActionMask = 2147483647;
			files = (
				3DB9E5A21D83688B00A4365A /* LaunchScreen.storyboard in Resources */,
				3DB9E59F1D83688B00A4365A /* Assets.xcassets in Resources */,
				3DB9E59D1D83688B00A4365A /* Main.storyboard in Resources */,
			);
			runOnlyForDeploymentPostprocessing = 0;
		};
/* End PBXResourcesBuildPhase section */

/* Begin PBXShellScriptBuildPhase section */
		087444E39C972D9C063656FD /* [CP] Check Pods Manifest.lock */ = {
			isa = PBXShellScriptBuildPhase;
			buildActionMask = 2147483647;
			files = (
			);
			inputFileListPaths = (
			);
			inputPaths = (
				"${PODS_PODFILE_DIR_PATH}/Podfile.lock",
				"${PODS_ROOT}/Manifest.lock",
			);
			name = "[CP] Check Pods Manifest.lock";
			outputFileListPaths = (
			);
			outputPaths = (
				"$(DERIVED_FILE_DIR)/Pods-InterstitialSample-checkManifestLockResult.txt",
			);
			runOnlyForDeploymentPostprocessing = 0;
			shellPath = /bin/sh;
			shellScript = "diff \"${PODS_PODFILE_DIR_PATH}/Podfile.lock\" \"${PODS_ROOT}/Manifest.lock\" > /dev/null\nif [ $? != 0 ] ; then\n    # print error to STDERR\n    echo \"error: The sandbox is not in sync with the Podfile.lock. Run 'pod install' or update your CocoaPods installation.\" >&2\n    exit 1\nfi\n# This output is used by Xcode 'outputs' to avoid re-running this script phase.\necho \"SUCCESS\" > \"${SCRIPT_OUTPUT_FILE_0}\"\n";
			showEnvVarsInLog = 0;
		};
		DAE3BC6C9051DCC3CBBB9954 /* [CP] Check Pods Manifest.lock */ = {
			isa = PBXShellScriptBuildPhase;
			buildActionMask = 2147483647;
			files = (
			);
			inputFileListPaths = (
			);
			inputPaths = (
				"${PODS_PODFILE_DIR_PATH}/Podfile.lock",
				"${PODS_ROOT}/Manifest.lock",
			);
			name = "[CP] Check Pods Manifest.lock";
			outputFileListPaths = (
			);
			outputPaths = (
				"$(DERIVED_FILE_DIR)/Pods-InterstitialSwiftSample-checkManifestLockResult.txt",
			);
			runOnlyForDeploymentPostprocessing = 0;
			shellPath = /bin/sh;
			shellScript = "diff \"${PODS_PODFILE_DIR_PATH}/Podfile.lock\" \"${PODS_ROOT}/Manifest.lock\" > /dev/null\nif [ $? != 0 ] ; then\n    # print error to STDERR\n    echo \"error: The sandbox is not in sync with the Podfile.lock. Run 'pod install' or update your CocoaPods installation.\" >&2\n    exit 1\nfi\n# This output is used by Xcode 'outputs' to avoid re-running this script phase.\necho \"SUCCESS\" > \"${SCRIPT_OUTPUT_FILE_0}\"\n";
			showEnvVarsInLog = 0;
		};
/* End PBXShellScriptBuildPhase section */

/* Begin PBXSourcesBuildPhase section */
		3DB9E5731D83687900A4365A /* Sources */ = {
			isa = PBXSourcesBuildPhase;
			buildActionMask = 2147483647;
			files = (
				3DB9E5821D83687900A4365A /* ViewController.m in Sources */,
				3DB9E57F1D83687900A4365A /* AppDelegate.m in Sources */,
				3DB9E57C1D83687900A4365A /* main.m in Sources */,
			);
			runOnlyForDeploymentPostprocessing = 0;
		};
		3DB9E5911D83688B00A4365A /* Sources */ = {
			isa = PBXSourcesBuildPhase;
			buildActionMask = 2147483647;
			files = (
				3DB9E59A1D83688B00A4365A /* ViewController.swift in Sources */,
				3DB9E5981D83688B00A4365A /* AppDelegate.swift in Sources */,
			);
			runOnlyForDeploymentPostprocessing = 0;
		};
/* End PBXSourcesBuildPhase section */

/* Begin PBXVariantGroup section */
		3DB9E5831D83687900A4365A /* Main.storyboard */ = {
			isa = PBXVariantGroup;
			children = (
				3DB9E5841D83687900A4365A /* Base */,
			);
			name = Main.storyboard;
			sourceTree = "<group>";
		};
		3DB9E5881D83687900A4365A /* LaunchScreen.storyboard */ = {
			isa = PBXVariantGroup;
			children = (
				3DB9E5891D83687900A4365A /* Base */,
			);
			name = LaunchScreen.storyboard;
			sourceTree = "<group>";
		};
		3DB9E59B1D83688B00A4365A /* Main.storyboard */ = {
			isa = PBXVariantGroup;
			children = (
				3DB9E59C1D83688B00A4365A /* Base */,
			);
			name = Main.storyboard;
			sourceTree = "<group>";
		};
		3DB9E5A01D83688B00A4365A /* LaunchScreen.storyboard */ = {
			isa = PBXVariantGroup;
			children = (
				3DB9E5A11D83688B00A4365A /* Base */,
			);
			name = LaunchScreen.storyboard;
			sourceTree = "<group>";
		};
/* End PBXVariantGroup section */

/* Begin XCBuildConfiguration section */
		3DB9E58C1D83687900A4365A /* Debug */ = {
			isa = XCBuildConfiguration;
			buildSettings = {
				ALWAYS_SEARCH_USER_PATHS = NO;
				CLANG_ANALYZER_NONNULL = YES;
				CLANG_CXX_LANGUAGE_STANDARD = "gnu++0x";
				CLANG_CXX_LIBRARY = "libc++";
				CLANG_ENABLE_MODULES = YES;
				CLANG_ENABLE_OBJC_ARC = YES;
				CLANG_WARN_BLOCK_CAPTURE_AUTORELEASING = YES;
				CLANG_WARN_BOOL_CONVERSION = YES;
				CLANG_WARN_COMMA = YES;
				CLANG_WARN_CONSTANT_CONVERSION = YES;
				CLANG_WARN_DEPRECATED_OBJC_IMPLEMENTATIONS = YES;
				CLANG_WARN_DIRECT_OBJC_ISA_USAGE = YES_ERROR;
				CLANG_WARN_DOCUMENTATION_COMMENTS = YES;
				CLANG_WARN_EMPTY_BODY = YES;
				CLANG_WARN_ENUM_CONVERSION = YES;
				CLANG_WARN_INFINITE_RECURSION = YES;
				CLANG_WARN_INT_CONVERSION = YES;
				CLANG_WARN_NON_LITERAL_NULL_CONVERSION = YES;
				CLANG_WARN_OBJC_IMPLICIT_RETAIN_SELF = YES;
				CLANG_WARN_OBJC_LITERAL_CONVERSION = YES;
				CLANG_WARN_OBJC_ROOT_CLASS = YES_ERROR;
				CLANG_WARN_RANGE_LOOP_ANALYSIS = YES;
				CLANG_WARN_STRICT_PROTOTYPES = YES;
				CLANG_WARN_SUSPICIOUS_MOVE = YES;
				CLANG_WARN_SUSPICIOUS_MOVES = YES;
				CLANG_WARN_UNREACHABLE_CODE = YES;
				CLANG_WARN__DUPLICATE_METHOD_MATCH = YES;
				"CODE_SIGN_IDENTITY[sdk=iphoneos*]" = "iPhone Developer";
				COPY_PHASE_STRIP = NO;
				DEBUG_INFORMATION_FORMAT = dwarf;
				ENABLE_STRICT_OBJC_MSGSEND = YES;
				ENABLE_TESTABILITY = YES;
				FRAMEWORK_SEARCH_PATHS = "";
				GCC_C_LANGUAGE_STANDARD = gnu99;
				GCC_DYNAMIC_NO_PIC = NO;
				GCC_NO_COMMON_BLOCKS = YES;
				GCC_OPTIMIZATION_LEVEL = 0;
				GCC_PREPROCESSOR_DEFINITIONS = (
					"DEBUG=1",
					"$(inherited)",
				);
				GCC_WARN_64_TO_32_BIT_CONVERSION = YES;
				GCC_WARN_ABOUT_RETURN_TYPE = YES_ERROR;
				GCC_WARN_UNDECLARED_SELECTOR = YES;
				GCC_WARN_UNINITIALIZED_AUTOS = YES_AGGRESSIVE;
				GCC_WARN_UNUSED_FUNCTION = YES;
				GCC_WARN_UNUSED_VARIABLE = YES;
				HEADER_SEARCH_PATHS = "";
				IPHONEOS_DEPLOYMENT_TARGET = 9.0;
				MTL_ENABLE_DEBUG_INFO = YES;
				ONLY_ACTIVE_ARCH = YES;
				OTHER_LDFLAGS = "$(inherited)";
				SDKROOT = iphoneos;
				TARGETED_DEVICE_FAMILY = "1,2";
			};
			name = Debug;
		};
		3DB9E58D1D83687900A4365A /* Release */ = {
			isa = XCBuildConfiguration;
			buildSettings = {
				ALWAYS_SEARCH_USER_PATHS = NO;
				CLANG_ANALYZER_NONNULL = YES;
				CLANG_CXX_LANGUAGE_STANDARD = "gnu++0x";
				CLANG_CXX_LIBRARY = "libc++";
				CLANG_ENABLE_MODULES = YES;
				CLANG_ENABLE_OBJC_ARC = YES;
				CLANG_WARN_BLOCK_CAPTURE_AUTORELEASING = YES;
				CLANG_WARN_BOOL_CONVERSION = YES;
				CLANG_WARN_COMMA = YES;
				CLANG_WARN_CONSTANT_CONVERSION = YES;
				CLANG_WARN_DEPRECATED_OBJC_IMPLEMENTATIONS = YES;
				CLANG_WARN_DIRECT_OBJC_ISA_USAGE = YES_ERROR;
				CLANG_WARN_DOCUMENTATION_COMMENTS = YES;
				CLANG_WARN_EMPTY_BODY = YES;
				CLANG_WARN_ENUM_CONVERSION = YES;
				CLANG_WARN_INFINITE_RECURSION = YES;
				CLANG_WARN_INT_CONVERSION = YES;
				CLANG_WARN_NON_LITERAL_NULL_CONVERSION = YES;
				CLANG_WARN_OBJC_IMPLICIT_RETAIN_SELF = YES;
				CLANG_WARN_OBJC_LITERAL_CONVERSION = YES;
				CLANG_WARN_OBJC_ROOT_CLASS = YES_ERROR;
				CLANG_WARN_RANGE_LOOP_ANALYSIS = YES;
				CLANG_WARN_STRICT_PROTOTYPES = YES;
				CLANG_WARN_SUSPICIOUS_MOVE = YES;
				CLANG_WARN_SUSPICIOUS_MOVES = YES;
				CLANG_WARN_UNREACHABLE_CODE = YES;
				CLANG_WARN__DUPLICATE_METHOD_MATCH = YES;
				"CODE_SIGN_IDENTITY[sdk=iphoneos*]" = "iPhone Developer";
				COPY_PHASE_STRIP = NO;
				DEBUG_INFORMATION_FORMAT = "dwarf-with-dsym";
				ENABLE_NS_ASSERTIONS = NO;
				ENABLE_STRICT_OBJC_MSGSEND = YES;
				FRAMEWORK_SEARCH_PATHS = "";
				GCC_C_LANGUAGE_STANDARD = gnu99;
				GCC_NO_COMMON_BLOCKS = YES;
				GCC_WARN_64_TO_32_BIT_CONVERSION = YES;
				GCC_WARN_ABOUT_RETURN_TYPE = YES_ERROR;
				GCC_WARN_UNDECLARED_SELECTOR = YES;
				GCC_WARN_UNINITIALIZED_AUTOS = YES_AGGRESSIVE;
				GCC_WARN_UNUSED_FUNCTION = YES;
				GCC_WARN_UNUSED_VARIABLE = YES;
				HEADER_SEARCH_PATHS = "";
				IPHONEOS_DEPLOYMENT_TARGET = 9.0;
				MTL_ENABLE_DEBUG_INFO = NO;
				OTHER_LDFLAGS = "$(inherited)";
				SDKROOT = iphoneos;
				SWIFT_COMPILATION_MODE = wholemodule;
				TARGETED_DEVICE_FAMILY = "1,2";
				VALIDATE_PRODUCT = YES;
			};
			name = Release;
		};
		3DB9E58F1D83687900A4365A /* Debug */ = {
			isa = XCBuildConfiguration;
			baseConfigurationReference = 259BF4EEC80AA20350789ECE /* Pods-InterstitialSample.debug.xcconfig */;
			buildSettings = {
				ASSETCATALOG_COMPILER_APPICON_NAME = AppIcon;
				DEVELOPMENT_TEAM = WZMMZ9FP6W;
				FRAMEWORK_SEARCH_PATHS = "$(inherited)";
				HEADER_SEARCH_PATHS = "";
				INFOPLIST_FILE = InterstitialSample/Info.plist;
				IPHONEOS_DEPLOYMENT_TARGET = 11.0;
				LD_RUNPATH_SEARCH_PATHS = (
					"$(inherited)",
					"@executable_path/Frameworks",
				);
				OTHER_LDFLAGS = "$(inherited)";
				PRODUCT_BUNDLE_IDENTIFIER = com.inmobi.InterstitialSample;
				PRODUCT_NAME = "$(TARGET_NAME)";
			};
			name = Debug;
		};
		3DB9E5901D83687900A4365A /* Release */ = {
			isa = XCBuildConfiguration;
			baseConfigurationReference = D38D4CE56C123F1F9B6474F4 /* Pods-InterstitialSample.release.xcconfig */;
			buildSettings = {
				ASSETCATALOG_COMPILER_APPICON_NAME = AppIcon;
				DEVELOPMENT_TEAM = WZMMZ9FP6W;
				FRAMEWORK_SEARCH_PATHS = "$(inherited)";
				HEADER_SEARCH_PATHS = "";
				INFOPLIST_FILE = InterstitialSample/Info.plist;
				IPHONEOS_DEPLOYMENT_TARGET = 11.0;
				LD_RUNPATH_SEARCH_PATHS = (
					"$(inherited)",
					"@executable_path/Frameworks",
				);
				OTHER_LDFLAGS = "$(inherited)";
				PRODUCT_BUNDLE_IDENTIFIER = com.inmobi.InterstitialSample;
				PRODUCT_NAME = "$(TARGET_NAME)";
			};
			name = Release;
		};
		3DB9E5A51D83688B00A4365A /* Debug */ = {
			isa = XCBuildConfiguration;
			baseConfigurationReference = 2E6C0FADA6EFAB1A3DB3ECFD /* Pods-InterstitialSwiftSample.debug.xcconfig */;
			buildSettings = {
				ASSETCATALOG_COMPILER_APPICON_NAME = AppIcon;
				INFOPLIST_FILE = InterstitialSwiftSample/Info.plist;
				IPHONEOS_DEPLOYMENT_TARGET = 11.0;
				LD_RUNPATH_SEARCH_PATHS = (
					"$(inherited)",
					"@executable_path/Frameworks",
				);
				OTHER_LDFLAGS = "$(inherited)";
				PRODUCT_BUNDLE_IDENTIFIER = com.inmobi.InterstitialSwiftSample;
				PRODUCT_NAME = "$(TARGET_NAME)";
				SWIFT_ACTIVE_COMPILATION_CONDITIONS = DEBUG;
				SWIFT_OPTIMIZATION_LEVEL = "-Onone";
				SWIFT_VERSION = 5.0;
			};
			name = Debug;
		};
		3DB9E5A61D83688B00A4365A /* Release */ = {
			isa = XCBuildConfiguration;
			baseConfigurationReference = 831486BA006D06BC6786D106 /* Pods-InterstitialSwiftSample.release.xcconfig */;
			buildSettings = {
				ASSETCATALOG_COMPILER_APPICON_NAME = AppIcon;
				INFOPLIST_FILE = InterstitialSwiftSample/Info.plist;
				IPHONEOS_DEPLOYMENT_TARGET = 11.0;
				LD_RUNPATH_SEARCH_PATHS = (
					"$(inherited)",
					"@executable_path/Frameworks",
				);
				OTHER_LDFLAGS = "$(inherited)";
				PRODUCT_BUNDLE_IDENTIFIER = com.inmobi.InterstitialSwiftSample;
				PRODUCT_NAME = "$(TARGET_NAME)";
				SWIFT_COMPILATION_MODE = wholemodule;
				SWIFT_OPTIMIZATION_LEVEL = "-O";
				SWIFT_VERSION = 5.0;
			};
			name = Release;
		};
/* End XCBuildConfiguration section */

/* Begin XCConfigurationList section */
		3DB9E5721D83687900A4365A /* Build configuration list for PBXProject "InterstitialSample" */ = {
			isa = XCConfigurationList;
			buildConfigurations = (
				3DB9E58C1D83687900A4365A /* Debug */,
				3DB9E58D1D83687900A4365A /* Release */,
			);
			defaultConfigurationIsVisible = 0;
			defaultConfigurationName = Release;
		};
		3DB9E58E1D83687900A4365A /* Build configuration list for PBXNativeTarget "InterstitialSample" */ = {
			isa = XCConfigurationList;
			buildConfigurations = (
				3DB9E58F1D83687900A4365A /* Debug */,
				3DB9E5901D83687900A4365A /* Release */,
			);
			defaultConfigurationIsVisible = 0;
			defaultConfigurationName = Release;
		};
		3DB9E5A41D83688B00A4365A /* Build configuration list for PBXNativeTarget "InterstitialSwiftSample" */ = {
			isa = XCConfigurationList;
			buildConfigurations = (
				3DB9E5A51D83688B00A4365A /* Debug */,
				3DB9E5A61D83688B00A4365A /* Release */,
			);
			defaultConfigurationIsVisible = 0;
			defaultConfigurationName = Release;
		};
/* End XCConfigurationList section */
	};
	rootObject = 3DB9E56F1D83687900A4365A /* Project object */;
}
