// !$*UTF8*$!
{
	archiveVersion = 1;
	classes = {
	};
	objectVersion = 46;
	objects = {

/* Begin PBXBuildFile section */
		3DB9E5431D83680100A4365A /* main.m in Sources */ = {isa = PBXBuildFile; fileRef = 3DB9E5421D83680100A4365A /* main.m */; };
		3DB9E5461D83680100A4365A /* AppDelegate.m in Sources */ = {isa = PBXBuildFile; fileRef = 3DB9E5451D83680100A4365A /* AppDelegate.m */; };
		3DB9E5491D83680100A4365A /* ViewController.m in Sources */ = {isa = PBXBuildFile; fileRef = 3DB9E5481D83680100A4365A /* ViewController.m */; };
		3DB9E54C1D83680100A4365A /* Main.storyboard in Resources */ = {isa = PBXBuildFile; fileRef = 3DB9E54A1D83680100A4365A /* Main.storyboard */; };
		3DB9E54E1D83680100A4365A /* Assets.xcassets in Resources */ = {isa = PBXBuildFile; fileRef = 3DB9E54D1D83680100A4365A /* Assets.xcassets */; };
		3DB9E5511D83680100A4365A /* LaunchScreen.storyboard in Resources */ = {isa = PBXBuildFile; fileRef = 3DB9E54F1D83680100A4365A /* LaunchScreen.storyboard */; };
		3DB9E55F1D83681A00A4365A /* AppDelegate.swift in Sources */ = {isa = PBXBuildFile; fileRef = 3DB9E55E1D83681A00A4365A /* AppDelegate.swift */; };
		3DB9E5611D83681A00A4365A /* ViewController.swift in Sources */ = {isa = PBXBuildFile; fileRef = 3DB9E5601D83681A00A4365A /* ViewController.swift */; };
		3DB9E5641D83681A00A4365A /* Main.storyboard in Resources */ = {isa = PBXBuildFile; fileRef = 3DB9E5621D83681A00A4365A /* Main.storyboard */; };
		3DB9E5661D83681A00A4365A /* Assets.xcassets in Resources */ = {isa = PBXBuildFile; fileRef = 3DB9E5651D83681A00A4365A /* Assets.xcassets */; };
		3DB9E5691D83681A00A4365A /* LaunchScreen.storyboard in Resources */ = {isa = PBXBuildFile; fileRef = 3DB9E5671D83681A00A4365A /* LaunchScreen.storyboard */; };
		3DB9E61B1D836A5D00A4365A /* InMobiSDK.framework in Frameworks */ = {isa = PBXBuildFile; fileRef = 3DB9E61A1D836A5D00A4365A /* InMobiSDK.framework */; };
		3DB9E61C1D836A6B00A4365A /* InMobiSDK.framework in Frameworks */ = {isa = PBXBuildFile; fileRef = 3DB9E61A1D836A5D00A4365A /* InMobiSDK.framework */; };
		3DB9E61E1D836A7800A4365A /* libz.tbd in Frameworks */ = {isa = PBXBuildFile; fileRef = 3DB9E61D1D836A7800A4365A /* libz.tbd */; };
		3DB9E6201D836A7D00A4365A /* libsqlite3.tbd in Frameworks */ = {isa = PBXBuildFile; fileRef = 3DB9E61F1D836A7D00A4365A /* libsqlite3.tbd */; };
		3DB9E6211D836A8400A4365A /* libsqlite3.tbd in Frameworks */ = {isa = PBXBuildFile; fileRef = 3DB9E61F1D836A7D00A4365A /* libsqlite3.tbd */; };
		3DB9E6221D836A8900A4365A /* libz.tbd in Frameworks */ = {isa = PBXBuildFile; fileRef = 3DB9E61D1D836A7800A4365A /* libz.tbd */; };
/* End PBXBuildFile section */

/* Begin PBXFileReference section */
		3DB9E53E1D83680100A4365A /* BannerSample.app */ = {isa = PBXFileReference; explicitFileType = wrapper.application; includeInIndex = 0; path = BannerSample.app; sourceTree = BUILT_PRODUCTS_DIR; };
		3DB9E5421D83680100A4365A /* main.m */ = {isa = PBXFileReference; lastKnownFileType = sourcecode.c.objc; path = main.m; sourceTree = "<group>"; };
		3DB9E5441D83680100A4365A /* AppDelegate.h */ = {isa = PBXFileReference; lastKnownFileType = sourcecode.c.h; path = AppDelegate.h; sourceTree = "<group>"; };
		3DB9E5451D83680100A4365A /* AppDelegate.m */ = {isa = PBXFileReference; lastKnownFileType = sourcecode.c.objc; path = AppDelegate.m; sourceTree = "<group>"; };
		3DB9E5471D83680100A4365A /* ViewController.h */ = {isa = PBXFileReference; lastKnownFileType = sourcecode.c.h; path = ViewController.h; sourceTree = "<group>"; };
		3DB9E5481D83680100A4365A /* ViewController.m */ = {isa = PBXFileReference; lastKnownFileType = sourcecode.c.objc; path = ViewController.m; sourceTree = "<group>"; };
		3DB9E54B1D83680100A4365A /* Base */ = {isa = PBXFileReference; lastKnownFileType = file.storyboard; name = Base; path = Base.lproj/Main.storyboard; sourceTree = "<group>"; };
		3DB9E54D1D83680100A4365A /* Assets.xcassets */ = {isa = PBXFileReference; lastKnownFileType = folder.assetcatalog; path = Assets.xcassets; sourceTree = "<group>"; };
		3DB9E5501D83680100A4365A /* Base */ = {isa = PBXFileReference; lastKnownFileType = file.storyboard; name = Base; path = Base.lproj/LaunchScreen.storyboard; sourceTree = "<group>"; };
		3DB9E5521D83680100A4365A /* Info.plist */ = {isa = PBXFileReference; lastKnownFileType = text.plist.xml; path = Info.plist; sourceTree = "<group>"; };
		3DB9E55C1D83681900A4365A /* BannerSwiftSample.app */ = {isa = PBXFileReference; explicitFileType = wrapper.application; includeInIndex = 0; path = BannerSwiftSample.app; sourceTree = BUILT_PRODUCTS_DIR; };
		3DB9E55E1D83681A00A4365A /* AppDelegate.swift */ = {isa = PBXFileReference; lastKnownFileType = sourcecode.swift; path = AppDelegate.swift; sourceTree = "<group>"; };
		3DB9E5601D83681A00A4365A /* ViewController.swift */ = {isa = PBXFileReference; lastKnownFileType = sourcecode.swift; path = ViewController.swift; sourceTree = "<group>"; };
		3DB9E5631D83681A00A4365A /* Base */ = {isa = PBXFileReference; lastKnownFileType = file.storyboard; name = Base; path = Base.lproj/Main.storyboard; sourceTree = "<group>"; };
		3DB9E5651D83681A00A4365A /* Assets.xcassets */ = {isa = PBXFileReference; lastKnownFileType = folder.assetcatalog; path = Assets.xcassets; sourceTree = "<group>"; };
		3DB9E5681D83681A00A4365A /* Base */ = {isa = PBXFileReference; lastKnownFileType = file.storyboard; name = Base; path = Base.lproj/LaunchScreen.storyboard; sourceTree = "<group>"; };
		3DB9E56A1D83681A00A4365A /* Info.plist */ = {isa = PBXFileReference; lastKnownFileType = text.plist.xml; path = Info.plist; sourceTree = "<group>"; };
		3DB9E61A1D836A5D00A4365A /* InMobiSDK.framework */ = {isa = PBXFileReference; lastKnownFileType = wrapper.framework; name = InMobiSDK.framework; path = ../InMobi/InMobiSDK.framework; sourceTree = "<group>"; };
		3DB9E61D1D836A7800A4365A /* libz.tbd */ = {isa = PBXFileReference; lastKnownFileType = "sourcecode.text-based-dylib-definition"; name = libz.tbd; path = usr/lib/libz.tbd; sourceTree = SDKROOT; };
		3DB9E61F1D836A7D00A4365A /* libsqlite3.tbd */ = {isa = PBXFileReference; lastKnownFileType = "sourcecode.text-based-dylib-definition"; name = libsqlite3.tbd; path = usr/lib/libsqlite3.tbd; sourceTree = SDKROOT; };
/* End PBXFileReference section */

/* Begin PBXFrameworksBuildPhase section */
		3DB9E53B1D83680100A4365A /* Frameworks */ = {
			isa = PBXFrameworksBuildPhase;
			buildActionMask = 2147483647;
			files = (
				3DB9E6201D836A7D00A4365A /* libsqlite3.tbd in Frameworks */,
				3DB9E61E1D836A7800A4365A /* libz.tbd in Frameworks */,
				3DB9E61B1D836A5D00A4365A /* InMobiSDK.framework in Frameworks */,
			);
			runOnlyForDeploymentPostprocessing = 0;
		};
		3DB9E5591D83681900A4365A /* Frameworks */ = {
			isa = PBXFrameworksBuildPhase;
			buildActionMask = 2147483647;
			files = (
				3DB9E6221D836A8900A4365A /* libz.tbd in Frameworks */,
				3DB9E6211D836A8400A4365A /* libsqlite3.tbd in Frameworks */,
				3DB9E61C1D836A6B00A4365A /* InMobiSDK.framework in Frameworks */,
			);
			runOnlyForDeploymentPostprocessing = 0;
		};
/* End PBXFrameworksBuildPhase section */

/* Begin PBXGroup section */
		3DB9E5351D83680100A4365A = {
			isa = PBXGroup;
			children = (
				3DB9E5401D83680100A4365A /* BannerSample */,
				3DB9E55D1D83681A00A4365A /* BannerSwiftSample */,
				3DB9E53F1D83680100A4365A /* Products */,
				3DB9E6191D836A5C00A4365A /* Frameworks */,
			);
			sourceTree = "<group>";
		};
		3DB9E53F1D83680100A4365A /* Products */ = {
			isa = PBXGroup;
			children = (
				3DB9E53E1D83680100A4365A /* BannerSample.app */,
				3DB9E55C1D83681900A4365A /* BannerSwiftSample.app */,
			);
			name = Products;
			sourceTree = "<group>";
		};
		3DB9E5401D83680100A4365A /* BannerSample */ = {
			isa = PBXGroup;
			children = (
				3DB9E5441D83680100A4365A /* AppDelegate.h */,
				3DB9E5451D83680100A4365A /* AppDelegate.m */,
				3DB9E5471D83680100A4365A /* ViewController.h */,
				3DB9E5481D83680100A4365A /* ViewController.m */,
				3DB9E54A1D83680100A4365A /* Main.storyboard */,
				3DB9E54D1D83680100A4365A /* Assets.xcassets */,
				3DB9E54F1D83680100A4365A /* LaunchScreen.storyboard */,
				3DB9E5521D83680100A4365A /* Info.plist */,
				3DB9E5411D83680100A4365A /* Supporting Files */,
			);
			path = BannerSample;
			sourceTree = "<group>";
		};
		3DB9E5411D83680100A4365A /* Supporting Files */ = {
			isa = PBXGroup;
			children = (
				3DB9E5421D83680100A4365A /* main.m */,
			);
			name = "Supporting Files";
			sourceTree = "<group>";
		};
		3DB9E55D1D83681A00A4365A /* BannerSwiftSample */ = {
			isa = PBXGroup;
			children = (
				3DB9E55E1D83681A00A4365A /* AppDelegate.swift */,
				3DB9E5601D83681A00A4365A /* ViewController.swift */,
				3DB9E5621D83681A00A4365A /* Main.storyboard */,
				3DB9E5651D83681A00A4365A /* Assets.xcassets */,
				3DB9E5671D83681A00A4365A /* LaunchScreen.storyboard */,
				3DB9E56A1D83681A00A4365A /* Info.plist */,
			);
			path = BannerSwiftSample;
			sourceTree = "<group>";
		};
		3DB9E6191D836A5C00A4365A /* Frameworks */ = {
			isa = PBXGroup;
			children = (
				3DB9E61F1D836A7D00A4365A /* libsqlite3.tbd */,
				3DB9E61D1D836A7800A4365A /* libz.tbd */,
				3DB9E61A1D836A5D00A4365A /* InMobiSDK.framework */,
			);
			name = Frameworks;
			sourceTree = "<group>";
		};
/* End PBXGroup section */

/* Begin PBXNativeTarget section */
		3DB9E53D1D83680100A4365A /* BannerSample */ = {
			isa = PBXNativeTarget;
			buildConfigurationList = 3DB9E5551D83680100A4365A /* Build configuration list for PBXNativeTarget "BannerSample" */;
			buildPhases = (
				3DB9E53A1D83680100A4365A /* Sources */,
				3DB9E53B1D83680100A4365A /* Frameworks */,
				3DB9E53C1D83680100A4365A /* Resources */,
			);
			buildRules = (
			);
			dependencies = (
			);
			name = BannerSample;
			productName = BannerSample;
			productReference = 3DB9E53E1D83680100A4365A /* BannerSample.app */;
			productType = "com.apple.product-type.application";
		};
		3DB9E55B1D83681900A4365A /* BannerSwiftSample */ = {
			isa = PBXNativeTarget;
			buildConfigurationList = 3DB9E56B1D83681A00A4365A /* Build configuration list for PBXNativeTarget "BannerSwiftSample" */;
			buildPhases = (
				3DB9E5581D83681900A4365A /* Sources */,
				3DB9E5591D83681900A4365A /* Frameworks */,
				3DB9E55A1D83681900A4365A /* Resources */,
			);
			buildRules = (
			);
			dependencies = (
			);
			name = BannerSwiftSample;
			productName = BannerSwiftSample;
			productReference = 3DB9E55C1D83681900A4365A /* BannerSwiftSample.app */;
			productType = "com.apple.product-type.application";
		};
/* End PBXNativeTarget section */

/* Begin PBXProject section */
		3DB9E5361D83680100A4365A /* Project object */ = {
			isa = PBXProject;
			attributes = {
				LastSwiftUpdateCheck = 0800;
				LastUpgradeCheck = 0800;
				ORGANIZATIONNAME = InMobi;
				TargetAttributes = {
					3DB9E53D1D83680100A4365A = {
						CreatedOnToolsVersion = 8.0;
						ProvisioningStyle = Automatic;
					};
					3DB9E55B1D83681900A4365A = {
						CreatedOnToolsVersion = 8.0;
						ProvisioningStyle = Automatic;
					};
				};
			};
			buildConfigurationList = 3DB9E5391D83680100A4365A /* Build configuration list for PBXProject "BannerSample" */;
			compatibilityVersion = "Xcode 3.2";
			developmentRegion = English;
			hasScannedForEncodings = 0;
			knownRegions = (
				en,
				Base,
			);
			mainGroup = 3DB9E5351D83680100A4365A;
			productRefGroup = 3DB9E53F1D83680100A4365A /* Products */;
			projectDirPath = "";
			projectRoot = "";
			targets = (
				3DB9E53D1D83680100A4365A /* BannerSample */,
				3DB9E55B1D83681900A4365A /* BannerSwiftSample */,
			);
		};
/* End PBXProject section */

/* Begin PBXResourcesBuildPhase section */
		3DB9E53C1D83680100A4365A /* Resources */ = {
			isa = PBXResourcesBuildPhase;
			buildActionMask = 2147483647;
			files = (
				3DB9E5511D83680100A4365A /* LaunchScreen.storyboard in Resources */,
				3DB9E54E1D83680100A4365A /* Assets.xcassets in Resources */,
				3DB9E54C1D83680100A4365A /* Main.storyboard in Resources */,
			);
			runOnlyForDeploymentPostprocessing = 0;
		};
		3DB9E55A1D83681900A4365A /* Resources */ = {
			isa = PBXResourcesBuildPhase;
			buildActionMask = 2147483647;
			files = (
				3DB9E5691D83681A00A4365A /* LaunchScreen.storyboard in Resources */,
				3DB9E5661D83681A00A4365A /* Assets.xcassets in Resources */,
				3DB9E5641D83681A00A4365A /* Main.storyboard in Resources */,
			);
			runOnlyForDeploymentPostprocessing = 0;
		};
/* End PBXResourcesBuildPhase section */

/* Begin PBXSourcesBuildPhase section */
		3DB9E53A1D83680100A4365A /* Sources */ = {
			isa = PBXSourcesBuildPhase;
			buildActionMask = 2147483647;
			files = (
				3DB9E5491D83680100A4365A /* ViewController.m in Sources */,
				3DB9E5461D83680100A4365A /* AppDelegate.m in Sources */,
				3DB9E5431D83680100A4365A /* main.m in Sources */,
			);
			runOnlyForDeploymentPostprocessing = 0;
		};
		3DB9E5581D83681900A4365A /* Sources */ = {
			isa = PBXSourcesBuildPhase;
			buildActionMask = 2147483647;
			files = (
				3DB9E5611D83681A00A4365A /* ViewController.swift in Sources */,
				3DB9E55F1D83681A00A4365A /* AppDelegate.swift in Sources */,
			);
			runOnlyForDeploymentPostprocessing = 0;
		};
/* End PBXSourcesBuildPhase section */

/* Begin PBXVariantGroup section */
		3DB9E54A1D83680100A4365A /* Main.storyboard */ = {
			isa = PBXVariantGroup;
			children = (
				3DB9E54B1D83680100A4365A /* Base */,
			);
			name = Main.storyboard;
			sourceTree = "<group>";
		};
		3DB9E54F1D83680100A4365A /* LaunchScreen.storyboard */ = {
			isa = PBXVariantGroup;
			children = (
				3DB9E5501D83680100A4365A /* Base */,
			);
			name = LaunchScreen.storyboard;
			sourceTree = "<group>";
		};
		3DB9E5621D83681A00A4365A /* Main.storyboard */ = {
			isa = PBXVariantGroup;
			children = (
				3DB9E5631D83681A00A4365A /* Base */,
			);
			name = Main.storyboard;
			sourceTree = "<group>";
		};
		3DB9E5671D83681A00A4365A /* LaunchScreen.storyboard */ = {
			isa = PBXVariantGroup;
			children = (
				3DB9E5681D83681A00A4365A /* Base */,
			);
			name = LaunchScreen.storyboard;
			sourceTree = "<group>";
		};
/* End PBXVariantGroup section */

/* Begin XCBuildConfiguration section */
		3DB9E5531D83680100A4365A /* Debug */ = {
			isa = XCBuildConfiguration;
			buildSettings = {
				ALWAYS_SEARCH_USER_PATHS = NO;
				CLANG_ANALYZER_NONNULL = YES;
				CLANG_CXX_LANGUAGE_STANDARD = "gnu++0x";
				CLANG_CXX_LIBRARY = "libc++";
				CLANG_ENABLE_MODULES = YES;
				CLANG_ENABLE_OBJC_ARC = YES;
				CLANG_WARN_BOOL_CONVERSION = YES;
				CLANG_WARN_CONSTANT_CONVERSION = YES;
				CLANG_WARN_DIRECT_OBJC_ISA_USAGE = YES_ERROR;
				CLANG_WARN_DOCUMENTATION_COMMENTS = YES;
				CLANG_WARN_EMPTY_BODY = YES;
				CLANG_WARN_ENUM_CONVERSION = YES;
				CLANG_WARN_INFINITE_RECURSION = YES;
				CLANG_WARN_INT_CONVERSION = YES;
				CLANG_WARN_OBJC_ROOT_CLASS = YES_ERROR;
				CLANG_WARN_SUSPICIOUS_MOVES = YES;
				CLANG_WARN_UNREACHABLE_CODE = YES;
				CLANG_WARN__DUPLICATE_METHOD_MATCH = YES;
				"CODE_SIGN_IDENTITY[sdk=iphoneos*]" = "iPhone Developer";
				COPY_PHASE_STRIP = NO;
				DEBUG_INFORMATION_FORMAT = dwarf;
				ENABLE_STRICT_OBJC_MSGSEND = YES;
				ENABLE_TESTABILITY = YES;
				FRAMEWORK_SEARCH_PATHS = "${SRCROOT}/../InMobi";
				GCC_C_LANGUAGE_STANDARD = gnu99;
				GCC_DYNAMIC_NO_PIC = NO;
				GCC_NO_COMMON_BLOCKS = YES;
				GCC_OPTIMIZATION_LEVEL = 0;
				GCC_PREPROCESSOR_DEFINITIONS = (
					"DEBUG=1",
					"$(inherited)",
				);
				GCC_WARN_64_TO_32_BIT_CONVERSION = YES;
				GCC_WARN_ABOUT_RETURN_TYPE = YES_ERROR;
				GCC_WARN_UNDECLARED_SELECTOR = YES;
				GCC_WARN_UNINITIALIZED_AUTOS = YES_AGGRESSIVE;
				GCC_WARN_UNUSED_FUNCTION = YES;
				GCC_WARN_UNUSED_VARIABLE = YES;
				HEADER_SEARCH_PATHS = "${SRCROOT}/../InMobi";
				IPHONEOS_DEPLOYMENT_TARGET = 8.0;
				MTL_ENABLE_DEBUG_INFO = YES;
				ONLY_ACTIVE_ARCH = YES;
				OTHER_LDFLAGS = "-ObjC";
				SDKROOT = iphoneos;
				TARGETED_DEVICE_FAMILY = "1,2";
			};
			name = Debug;
		};
		3DB9E5541D83680100A4365A /* Release */ = {
			isa = XCBuildConfiguration;
			buildSettings = {
				ALWAYS_SEARCH_USER_PATHS = NO;
				CLANG_ANALYZER_NONNULL = YES;
				CLANG_CXX_LANGUAGE_STANDARD = "gnu++0x";
				CLANG_CXX_LIBRARY = "libc++";
				CLANG_ENABLE_MODULES = YES;
				CLANG_ENABLE_OBJC_ARC = YES;
				CLANG_WARN_BOOL_CONVERSION = YES;
				CLANG_WARN_CONSTANT_CONVERSION = YES;
				CLANG_WARN_DIRECT_OBJC_ISA_USAGE = YES_ERROR;
				CLANG_WARN_DOCUMENTATION_COMMENTS = YES;
				CLANG_WARN_EMPTY_BODY = YES;
				CLANG_WARN_ENUM_CONVERSION = YES;
				CLANG_WARN_INFINITE_RECURSION = YES;
				CLANG_WARN_INT_CONVERSION = YES;
				CLANG_WARN_OBJC_ROOT_CLASS = YES_ERROR;
				CLANG_WARN_SUSPICIOUS_MOVES = YES;
				CLANG_WARN_UNREACHABLE_CODE = YES;
				CLANG_WARN__DUPLICATE_METHOD_MATCH = YES;
				"CODE_SIGN_IDENTITY[sdk=iphoneos*]" = "iPhone Developer";
				COPY_PHASE_STRIP = NO;
				DEBUG_INFORMATION_FORMAT = "dwarf-with-dsym";
				ENABLE_NS_ASSERTIONS = NO;
				ENABLE_STRICT_OBJC_MSGSEND = YES;
				FRAMEWORK_SEARCH_PATHS = "${SRCROOT}/../InMobi";
				GCC_C_LANGUAGE_STANDARD = gnu99;
				GCC_NO_COMMON_BLOCKS = YES;
				GCC_WARN_64_TO_32_BIT_CONVERSION = YES;
				GCC_WARN_ABOUT_RETURN_TYPE = YES_ERROR;
				GCC_WARN_UNDECLARED_SELECTOR = YES;
				GCC_WARN_UNINITIALIZED_AUTOS = YES_AGGRESSIVE;
				GCC_WARN_UNUSED_FUNCTION = YES;
				GCC_WARN_UNUSED_VARIABLE = YES;
				HEADER_SEARCH_PATHS = "${SRCROOT}/../InMobi";
				IPHONEOS_DEPLOYMENT_TARGET = 8.0;
				MTL_ENABLE_DEBUG_INFO = NO;
				OTHER_LDFLAGS = "-ObjC";
				SDKROOT = iphoneos;
				TARGETED_DEVICE_FAMILY = "1,2";
				VALIDATE_PRODUCT = YES;
			};
			name = Release;
		};
		3DB9E5561D83680100A4365A /* Debug */ = {
			isa = XCBuildConfiguration;
			buildSettings = {
				ASSETCATALOG_COMPILER_APPICON_NAME = AppIcon;
				INFOPLIST_FILE = BannerSample/Info.plist;
				LD_RUNPATH_SEARCH_PATHS = "$(inherited) @executable_path/Frameworks";
				PRODUCT_BUNDLE_IDENTIFIER = com.inmobi.BannerSample;
				PRODUCT_NAME = "$(TARGET_NAME)";
			};
			name = Debug;
		};
		3DB9E5571D83680100A4365A /* Release */ = {
			isa = XCBuildConfiguration;
			buildSettings = {
				ASSETCATALOG_COMPILER_APPICON_NAME = AppIcon;
				INFOPLIST_FILE = BannerSample/Info.plist;
				LD_RUNPATH_SEARCH_PATHS = "$(inherited) @executable_path/Frameworks";
				PRODUCT_BUNDLE_IDENTIFIER = com.inmobi.BannerSample;
				PRODUCT_NAME = "$(TARGET_NAME)";
			};
			name = Release;
		};
		3DB9E56C1D83681A00A4365A /* Debug */ = {
			isa = XCBuildConfiguration;
			buildSettings = {
				ASSETCATALOG_COMPILER_APPICON_NAME = AppIcon;
				FRAMEWORK_SEARCH_PATHS = "${SRCROOT}/../InMobi";
				INFOPLIST_FILE = BannerSwiftSample/Info.plist;
				LD_RUNPATH_SEARCH_PATHS = "$(inherited) @executable_path/Frameworks";
				PRODUCT_BUNDLE_IDENTIFIER = com.inmobi.BannerSwiftSample;
				PRODUCT_NAME = "$(TARGET_NAME)";
				SWIFT_ACTIVE_COMPILATION_CONDITIONS = DEBUG;
				SWIFT_OPTIMIZATION_LEVEL = "-Onone";
				SWIFT_VERSION = 3.0;
			};
			name = Debug;
		};
		3DB9E56D1D83681A00A4365A /* Release */ = {
			isa = XCBuildConfiguration;
			buildSettings = {
				ASSETCATALOG_COMPILER_APPICON_NAME = AppIcon;
				FRAMEWORK_SEARCH_PATHS = "${SRCROOT}/../InMobi";
				INFOPLIST_FILE = BannerSwiftSample/Info.plist;
				LD_RUNPATH_SEARCH_PATHS = "$(inherited) @executable_path/Frameworks";
				PRODUCT_BUNDLE_IDENTIFIER = com.inmobi.BannerSwiftSample;
				PRODUCT_NAME = "$(TARGET_NAME)";
				SWIFT_OPTIMIZATION_LEVEL = "-Owholemodule";
				SWIFT_VERSION = 3.0;
			};
			name = Release;
		};
/* End XCBuildConfiguration section */

/* Begin XCConfigurationList section */
		3DB9E5391D83680100A4365A /* Build configuration list for PBXProject "BannerSample" */ = {
			isa = XCConfigurationList;
			buildConfigurations = (
				3DB9E5531D83680100A4365A /* Debug */,
				3DB9E5541D83680100A4365A /* Release */,
			);
			defaultConfigurationIsVisible = 0;
			defaultConfigurationName = Release;
		};
		3DB9E5551D83680100A4365A /* Build configuration list for PBXNativeTarget "BannerSample" */ = {
			isa = XCConfigurationList;
			buildConfigurations = (
				3DB9E5561D83680100A4365A /* Debug */,
				3DB9E5571D83680100A4365A /* Release */,
			);
			defaultConfigurationIsVisible = 0;
			defaultConfigurationName = Release;
		};
		3DB9E56B1D83681A00A4365A /* Build configuration list for PBXNativeTarget "BannerSwiftSample" */ = {
			isa = XCConfigurationList;
			buildConfigurations = (
				3DB9E56C1D83681A00A4365A /* Debug */,
				3DB9E56D1D83681A00A4365A /* Release */,
			);
			defaultConfigurationIsVisible = 0;
			defaultConfigurationName = Release;
		};
/* End XCConfigurationList section */
	};
	rootObject = 3DB9E5361D83680100A4365A /* Project object */;
}
